// !$*UTF8*$!
{
	archiveVersion = 1;
	classes = {
	};
	objectVersion = 56;
	objects = {

/* Begin PBXBuildFile section */
		2B0024672C0A094500C4C276 /* MessageViewController.swift in Sources */ = {isa = PBXBuildFile; fileRef = 2B0024662C0A094500C4C276 /* MessageViewController.swift */; };
		2B0024692C0A094D00C4C276 /* MessageViewModel.swift in Sources */ = {isa = PBXBuildFile; fileRef = 2B0024682C0A094D00C4C276 /* MessageViewModel.swift */; };
		2B00246B2C0A095800C4C276 /* MessageCoordinator.swift in Sources */ = {isa = PBXBuildFile; fileRef = 2B00246A2C0A095800C4C276 /* MessageCoordinator.swift */; };
		2B00246D2C0A096200C4C276 /* MessageComponent.swift in Sources */ = {isa = PBXBuildFile; fileRef = 2B00246C2C0A096200C4C276 /* MessageComponent.swift */; };
		2B0BCF0F2C11FF270053ACAD /* RxGesture in Frameworks */ = {isa = PBXBuildFile; productRef = 2B0BCF0E2C11FF270053ACAD /* RxGesture */; };
		2B0BCF122C1320940053ACAD /* SettingViewController.swift in Sources */ = {isa = PBXBuildFile; fileRef = 2B0BCF112C1320940053ACAD /* SettingViewController.swift */; };
		2B0BCF142C13209C0053ACAD /* SettingViewModel.swift in Sources */ = {isa = PBXBuildFile; fileRef = 2B0BCF132C13209C0053ACAD /* SettingViewModel.swift */; };
		2B0BCF162C1320A60053ACAD /* SettingComponent.swift in Sources */ = {isa = PBXBuildFile; fileRef = 2B0BCF152C1320A60053ACAD /* SettingComponent.swift */; };
		2B0BCF182C1320AE0053ACAD /* SettingCoordinator.swift in Sources */ = {isa = PBXBuildFile; fileRef = 2B0BCF172C1320AE0053ACAD /* SettingCoordinator.swift */; };
		2B1469BD2BD38F8000E6483E /* AppDelegate.swift in Sources */ = {isa = PBXBuildFile; fileRef = 2B1469BC2BD38F8000E6483E /* AppDelegate.swift */; };
		2B1469BF2BD38F8000E6483E /* SceneDelegate.swift in Sources */ = {isa = PBXBuildFile; fileRef = 2B1469BE2BD38F8000E6483E /* SceneDelegate.swift */; };
		2B1469C12BD38F8000E6483E /* ViewController.swift in Sources */ = {isa = PBXBuildFile; fileRef = 2B1469C02BD38F8000E6483E /* ViewController.swift */; };
		2B1469C62BD38F8000E6483E /* Assets.xcassets in Resources */ = {isa = PBXBuildFile; fileRef = 2B1469C52BD38F8000E6483E /* Assets.xcassets */; };
		2B1469C92BD38F8000E6483E /* Base in Resources */ = {isa = PBXBuildFile; fileRef = 2B1469C82BD38F8000E6483E /* Base */; };
		2B1469D42BD38F8000E6483E /* ArtBridgeTests.swift in Sources */ = {isa = PBXBuildFile; fileRef = 2B1469D32BD38F8000E6483E /* ArtBridgeTests.swift */; };
		2B1469DE2BD38F8000E6483E /* ArtBridgeUITests.swift in Sources */ = {isa = PBXBuildFile; fileRef = 2B1469DD2BD38F8000E6483E /* ArtBridgeUITests.swift */; };
		2B1469E02BD38F8000E6483E /* ArtBridgeUITestsLaunchTests.swift in Sources */ = {isa = PBXBuildFile; fileRef = 2B1469DF2BD38F8000E6483E /* ArtBridgeUITestsLaunchTests.swift */; };
		2B1469F12BD395E300E6483E /* AppComponent.swift in Sources */ = {isa = PBXBuildFile; fileRef = 2B1469F02BD395E300E6483E /* AppComponent.swift */; };
		2B1469F42BD3963600E6483E /* MainTabComponent.swift in Sources */ = {isa = PBXBuildFile; fileRef = 2B1469F32BD3963600E6483E /* MainTabComponent.swift */; };
		2B1469F62BD3974000E6483E /* MainTabController.swift in Sources */ = {isa = PBXBuildFile; fileRef = 2B1469F52BD3974000E6483E /* MainTabController.swift */; };
		2B1469F82BD3979700E6483E /* MainTabViewModel.swift in Sources */ = {isa = PBXBuildFile; fileRef = 2B1469F72BD3979700E6483E /* MainTabViewModel.swift */; };
		2B1469FF2BD399BF00E6483E /* UIView+.swift in Sources */ = {isa = PBXBuildFile; fileRef = 2B1469FE2BD399BF00E6483E /* UIView+.swift */; };
		2B146A022BD39A9A00E6483E /* SnapKit in Frameworks */ = {isa = PBXBuildFile; productRef = 2B146A012BD39A9A00E6483E /* SnapKit */; };
		2B146A042BD3DA6D00E6483E /* AppCoordinator.swift in Sources */ = {isa = PBXBuildFile; fileRef = 2B146A032BD3DA6D00E6483E /* AppCoordinator.swift */; };
		2B146A062BD3DC0C00E6483E /* MainTabCoordinator.swift in Sources */ = {isa = PBXBuildFile; fileRef = 2B146A052BD3DC0C00E6483E /* MainTabCoordinator.swift */; };
		2B146A092BD3DF0000E6483E /* BaseCoordinator.swift in Sources */ = {isa = PBXBuildFile; fileRef = 2B146A082BD3DF0000E6483E /* BaseCoordinator.swift */; };
		2B146A0C2BD3E07600E6483E /* RxSwift in Frameworks */ = {isa = PBXBuildFile; productRef = 2B146A0B2BD3E07600E6483E /* RxSwift */; };
		2B3851FE2BF238AE00BCF540 /* CommentInputView.swift in Sources */ = {isa = PBXBuildFile; fileRef = 2B3851FD2BF238AE00BCF540 /* CommentInputView.swift */; };
		2B3852002BF2628900BCF540 /* UITextView+.swift in Sources */ = {isa = PBXBuildFile; fileRef = 2B3851FF2BF2628900BCF540 /* UITextView+.swift */; };
		2B3852022BF63B8600BCF540 /* UIButton+.swift in Sources */ = {isa = PBXBuildFile; fileRef = 2B3852012BF63B8600BCF540 /* UIButton+.swift */; };
		2B3852052BF77D2800BCF540 /* DetailTutorViewController.swift in Sources */ = {isa = PBXBuildFile; fileRef = 2B3852042BF77D2800BCF540 /* DetailTutorViewController.swift */; };
		2B3852072BF77D3700BCF540 /* DetailTutorViewModel.swift in Sources */ = {isa = PBXBuildFile; fileRef = 2B3852062BF77D3700BCF540 /* DetailTutorViewModel.swift */; };
		2B3852092BF77D4400BCF540 /* DetailTutorComponent.swift in Sources */ = {isa = PBXBuildFile; fileRef = 2B3852082BF77D4400BCF540 /* DetailTutorComponent.swift */; };
		2B38520B2BF77D4F00BCF540 /* DetailTutorCoordinator.swift in Sources */ = {isa = PBXBuildFile; fileRef = 2B38520A2BF77D4F00BCF540 /* DetailTutorCoordinator.swift */; };
		2B3C998C2C5B23B700CA865D /* TopButtonsView.swift in Sources */ = {isa = PBXBuildFile; fileRef = 2B3C998B2C5B23B700CA865D /* TopButtonsView.swift */; };
		2B3EBFA32C54BE950089D48C /* FloatingButton.swift in Sources */ = {isa = PBXBuildFile; fileRef = 2B3EBFA22C54BE950089D48C /* FloatingButton.swift */; };
		2B4170012C0AEC1000F31881 /* MessageCollectionViewCell.swift in Sources */ = {isa = PBXBuildFile; fileRef = 2B4170002C0AEC1000F31881 /* MessageCollectionViewCell.swift */; };
		2B455FD12C22F2FB00C29F0B /* HomeAPIService.swift in Sources */ = {isa = PBXBuildFile; fileRef = 2B455FD02C22F2FB00C29F0B /* HomeAPIService.swift */; };
		2B455FD32C22F61400C29F0B /* FirestoreService.swift in Sources */ = {isa = PBXBuildFile; fileRef = 2B455FD22C22F61400C29F0B /* FirestoreService.swift */; };
		2B4814B02C319BAB00A7529E /* NewsAPIService.swift in Sources */ = {isa = PBXBuildFile; fileRef = 2B4814AF2C319BAB00A7529E /* NewsAPIService.swift */; };
		2B54ADD32C1B35B3002BD5C5 /* DetailInstrumentViewController.swift in Sources */ = {isa = PBXBuildFile; fileRef = 2B54ADD22C1B35B3002BD5C5 /* DetailInstrumentViewController.swift */; };
		2B54ADD92C1B35DA002BD5C5 /* DetailInstrumentCoordinator.swift in Sources */ = {isa = PBXBuildFile; fileRef = 2B54ADD82C1B35DA002BD5C5 /* DetailInstrumentCoordinator.swift */; };
		2B54ADDD2C1B35F6002BD5C5 /* DetailInstrumentViewModel.swift in Sources */ = {isa = PBXBuildFile; fileRef = 2B54ADDC2C1B35F6002BD5C5 /* DetailInstrumentViewModel.swift */; };
		2B54ADDF2C1B3603002BD5C5 /* DetailInstrumentComponent.swift in Sources */ = {isa = PBXBuildFile; fileRef = 2B54ADDE2C1B3603002BD5C5 /* DetailInstrumentComponent.swift */; };
		2B5C6C9B2BF845AC004800CC /* ScrollCounter.swift in Sources */ = {isa = PBXBuildFile; fileRef = 2B5C6C9A2BF845AC004800CC /* ScrollCounter.swift */; };
		2B5C6C9E2BF84E1E004800CC /* TutorProfileCollectionViewCell.swift in Sources */ = {isa = PBXBuildFile; fileRef = 2B5C6C9D2BF84E1E004800CC /* TutorProfileCollectionViewCell.swift */; };
		2B5C6CA02BFA0251004800CC /* TutorInfoCollectionViewCell.swift in Sources */ = {isa = PBXBuildFile; fileRef = 2B5C6C9F2BFA0251004800CC /* TutorInfoCollectionViewCell.swift */; };
		2B5C6CA22BFA3355004800CC /* TutorDescCollectionViewCell.swift in Sources */ = {isa = PBXBuildFile; fileRef = 2B5C6CA12BFA3355004800CC /* TutorDescCollectionViewCell.swift */; };
		2B5F006D2C59205800FCC51A /* CreatePostComponent.swift in Sources */ = {isa = PBXBuildFile; fileRef = 2B5F006C2C59205800FCC51A /* CreatePostComponent.swift */; };
		2B5F006F2C59206200FCC51A /* CreatePostViewController.swift in Sources */ = {isa = PBXBuildFile; fileRef = 2B5F006E2C59206200FCC51A /* CreatePostViewController.swift */; };
		2B5F00712C59206D00FCC51A /* CreatePostViewModel.swift in Sources */ = {isa = PBXBuildFile; fileRef = 2B5F00702C59206D00FCC51A /* CreatePostViewModel.swift */; };
		2B5F00732C59207800FCC51A /* CreatePostCoordinator.swift in Sources */ = {isa = PBXBuildFile; fileRef = 2B5F00722C59207800FCC51A /* CreatePostCoordinator.swift */; };
		2B6B20D02BFA3740002D9E79 /* BottomButton.swift in Sources */ = {isa = PBXBuildFile; fileRef = 2B6B20CF2BFA3740002D9E79 /* BottomButton.swift */; };
		2B6B20D32BFCBB9E002D9E79 /* DetailNewsViewController.swift in Sources */ = {isa = PBXBuildFile; fileRef = 2B6B20D22BFCBB9E002D9E79 /* DetailNewsViewController.swift */; };
		2B6B20D52BFCBBA7002D9E79 /* DetailNewsViewModel.swift in Sources */ = {isa = PBXBuildFile; fileRef = 2B6B20D42BFCBBA7002D9E79 /* DetailNewsViewModel.swift */; };
		2B6B20D72BFCBBB0002D9E79 /* DetailNewsComponent.swift in Sources */ = {isa = PBXBuildFile; fileRef = 2B6B20D62BFCBBB0002D9E79 /* DetailNewsComponent.swift */; };
		2B6B20D92BFCBBB9002D9E79 /* DetailNewsCoordinator.swift in Sources */ = {isa = PBXBuildFile; fileRef = 2B6B20D82BFCBBB9002D9E79 /* DetailNewsCoordinator.swift */; };
		2B6F28A72BED326300BDA911 /* ContentListViewController.swift in Sources */ = {isa = PBXBuildFile; fileRef = 2B6F28A62BED326300BDA911 /* ContentListViewController.swift */; };
		2B6F28A92BED330100BDA911 /* ContentListComponent.swift in Sources */ = {isa = PBXBuildFile; fileRef = 2B6F28A82BED330100BDA911 /* ContentListComponent.swift */; };
		2B6F28AB2BED33A800BDA911 /* ContentListViewModel.swift in Sources */ = {isa = PBXBuildFile; fileRef = 2B6F28AA2BED33A800BDA911 /* ContentListViewModel.swift */; };
		2B6F28AD2BED347200BDA911 /* ContentListCoordinator.swift in Sources */ = {isa = PBXBuildFile; fileRef = 2B6F28AC2BED347200BDA911 /* ContentListCoordinator.swift */; };
		2B9705C72C21DBDC00B94E8B /* PostAPIService.swift in Sources */ = {isa = PBXBuildFile; fileRef = 2B9705C62C21DBDC00B94E8B /* PostAPIService.swift */; };
		2B9705C92C21DE4400B94E8B /* FirebaseFirestore in Frameworks */ = {isa = PBXBuildFile; productRef = 2B9705C82C21DE4400B94E8B /* FirebaseFirestore */; };
		2B9C4FCE2BED3B690058CE3F /* Then in Frameworks */ = {isa = PBXBuildFile; productRef = 2B9C4FCD2BED3B690058CE3F /* Then */; };
		2B9C4FD22BF0B57E0058CE3F /* DetailPostViewController.swift in Sources */ = {isa = PBXBuildFile; fileRef = 2B9C4FD12BF0B57E0058CE3F /* DetailPostViewController.swift */; };
		2B9C4FD42BF0B58F0058CE3F /* DetailPostComponent.swift in Sources */ = {isa = PBXBuildFile; fileRef = 2B9C4FD32BF0B58F0058CE3F /* DetailPostComponent.swift */; };
		2B9C4FD62BF0B59F0058CE3F /* DetailPostViewModel.swift in Sources */ = {isa = PBXBuildFile; fileRef = 2B9C4FD52BF0B59F0058CE3F /* DetailPostViewModel.swift */; };
		2B9C4FD82BF0B5B00058CE3F /* DetailPostCoordinator.swift in Sources */ = {isa = PBXBuildFile; fileRef = 2B9C4FD72BF0B5B00058CE3F /* DetailPostCoordinator.swift */; };
		2B9C4FDB2BF0CA5C0058CE3F /* CommentCollectionViewCell.swift in Sources */ = {isa = PBXBuildFile; fileRef = 2B9C4FDA2BF0CA5C0058CE3F /* CommentCollectionViewCell.swift */; };
		2B9C4FDD2BF0CA740058CE3F /* ContentCollectionViewCell.swift in Sources */ = {isa = PBXBuildFile; fileRef = 2B9C4FDC2BF0CA740058CE3F /* ContentCollectionViewCell.swift */; };
		2B9C4FE02BF0CB5C0058CE3F /* ProfileView.swift in Sources */ = {isa = PBXBuildFile; fileRef = 2B9C4FDF2BF0CB5C0058CE3F /* ProfileView.swift */; };
		2BB084A62C1E9924005E7221 /* AlarmViewController.swift in Sources */ = {isa = PBXBuildFile; fileRef = 2BB084A52C1E9924005E7221 /* AlarmViewController.swift */; };
		2BB084A82C1E9930005E7221 /* AlarmViewModel.swift in Sources */ = {isa = PBXBuildFile; fileRef = 2BB084A72C1E9930005E7221 /* AlarmViewModel.swift */; };
		2BB084AA2C1E993E005E7221 /* AlarmComponent.swift in Sources */ = {isa = PBXBuildFile; fileRef = 2BB084A92C1E993E005E7221 /* AlarmComponent.swift */; };
		2BB084AC2C1E9948005E7221 /* AlarmCoordinator.swift in Sources */ = {isa = PBXBuildFile; fileRef = 2BB084AB2C1E9948005E7221 /* AlarmCoordinator.swift */; };
		2BB084AF2C1EA7D5005E7221 /* AlarmCollectionViewCell.swift in Sources */ = {isa = PBXBuildFile; fileRef = 2BB084AE2C1EA7D5005E7221 /* AlarmCollectionViewCell.swift */; };
		2BB5155E2BD91CE90092CC72 /* UIStackView+.swift in Sources */ = {isa = PBXBuildFile; fileRef = 2BB5155D2BD91CE90092CC72 /* UIStackView+.swift */; };
		2BB515612BDAA7190092CC72 /* HomeComponent.swift in Sources */ = {isa = PBXBuildFile; fileRef = 2BB515602BDAA7190092CC72 /* HomeComponent.swift */; };
		2BB515632BDAA7490092CC72 /* HomeViewController.swift in Sources */ = {isa = PBXBuildFile; fileRef = 2BB515622BDAA7490092CC72 /* HomeViewController.swift */; };
		2BB515652BDAA75A0092CC72 /* HomeViewModel.swift in Sources */ = {isa = PBXBuildFile; fileRef = 2BB515642BDAA75A0092CC72 /* HomeViewModel.swift */; };
		2BB515672BDAA85E0092CC72 /* HomeCoordinator.swift in Sources */ = {isa = PBXBuildFile; fileRef = 2BB515662BDAA85E0092CC72 /* HomeCoordinator.swift */; };
		2BB5156A2BDAB0AB0092CC72 /* RxCocoa in Frameworks */ = {isa = PBXBuildFile; productRef = 2BB515692BDAB0AB0092CC72 /* RxCocoa */; };
		2BB5156C2BDAB0B00092CC72 /* RxRelay in Frameworks */ = {isa = PBXBuildFile; productRef = 2BB5156B2BDAB0B00092CC72 /* RxRelay */; };
		2BB5156F2BDACA2E0092CC72 /* BannerCollectionViewCell.swift in Sources */ = {isa = PBXBuildFile; fileRef = 2BB5156E2BDACA2E0092CC72 /* BannerCollectionViewCell.swift */; };
		2BB515722BDBCE5A0092CC72 /* UIColor+.swift in Sources */ = {isa = PBXBuildFile; fileRef = 2BB515712BDBCE5A0092CC72 /* UIColor+.swift */; };
		2BB515762BDBD1800092CC72 /* ArtBridgeNavBar.swift in Sources */ = {isa = PBXBuildFile; fileRef = 2BB515752BDBD1800092CC72 /* ArtBridgeNavBar.swift */; };
		2BB515782BDBF13D0092CC72 /* QuickBtnCollectionViewCell.swift in Sources */ = {isa = PBXBuildFile; fileRef = 2BB515772BDBF13D0092CC72 /* QuickBtnCollectionViewCell.swift */; };
		2BB5157A2BDDF1E60092CC72 /* HeaderView.swift in Sources */ = {isa = PBXBuildFile; fileRef = 2BB515792BDDF1E60092CC72 /* HeaderView.swift */; };
		2BB5157C2BDDFCDD0092CC72 /* PreviewCollectionViewCell.swift in Sources */ = {isa = PBXBuildFile; fileRef = 2BB5157B2BDDFCDD0092CC72 /* PreviewCollectionViewCell.swift */; };
		2BB5157F2BDE15A50092CC72 /* CommunityComponent.swift in Sources */ = {isa = PBXBuildFile; fileRef = 2BB5157E2BDE15A50092CC72 /* CommunityComponent.swift */; };
		2BB515812BDE15B20092CC72 /* CommunityViewController.swift in Sources */ = {isa = PBXBuildFile; fileRef = 2BB515802BDE15B20092CC72 /* CommunityViewController.swift */; };
		2BB515832BDE15BD0092CC72 /* CommunityViewModel.swift in Sources */ = {isa = PBXBuildFile; fileRef = 2BB515822BDE15BD0092CC72 /* CommunityViewModel.swift */; };
		2BB515852BDE15CA0092CC72 /* CommunityCoordinator.swift in Sources */ = {isa = PBXBuildFile; fileRef = 2BB515842BDE15CA0092CC72 /* CommunityCoordinator.swift */; };
		2BB515882BDE86F40092CC72 /* CategoryCollectionViewCell.swift in Sources */ = {isa = PBXBuildFile; fileRef = 2BB515872BDE86F40092CC72 /* CategoryCollectionViewCell.swift */; };
		2BB5158A2BDE8DCE0092CC72 /* PostCollectionViewCell.swift in Sources */ = {isa = PBXBuildFile; fileRef = 2BB515892BDE8DCE0092CC72 /* PostCollectionViewCell.swift */; };
		2BB5158F2BDFD53D0092CC72 /* MessageListComponent.swift in Sources */ = {isa = PBXBuildFile; fileRef = 2BB5158E2BDFD53D0092CC72 /* MessageListComponent.swift */; };
		2BB515912BDFD5640092CC72 /* MessageListViewController.swift in Sources */ = {isa = PBXBuildFile; fileRef = 2BB515902BDFD5640092CC72 /* MessageListViewController.swift */; };
		2BB515932BDFD56D0092CC72 /* MessageListViewModel.swift in Sources */ = {isa = PBXBuildFile; fileRef = 2BB515922BDFD56D0092CC72 /* MessageListViewModel.swift */; };
		2BB515952BDFD5770092CC72 /* MessageListCoordinator.swift in Sources */ = {isa = PBXBuildFile; fileRef = 2BB515942BDFD5770092CC72 /* MessageListCoordinator.swift */; };
		2BB515982BDFDAC50092CC72 /* MessageListCollectionViewCell.swift in Sources */ = {isa = PBXBuildFile; fileRef = 2BB515972BDFDAC50092CC72 /* MessageListCollectionViewCell.swift */; };
		2BB5159B2BDFE4ED0092CC72 /* MyPageComponent.swift in Sources */ = {isa = PBXBuildFile; fileRef = 2BB5159A2BDFE4ED0092CC72 /* MyPageComponent.swift */; };
		2BB5159D2BDFE4F70092CC72 /* MyPageViewController.swift in Sources */ = {isa = PBXBuildFile; fileRef = 2BB5159C2BDFE4F70092CC72 /* MyPageViewController.swift */; };
		2BB5159F2BDFE4FF0092CC72 /* MyPageViewModel.swift in Sources */ = {isa = PBXBuildFile; fileRef = 2BB5159E2BDFE4FF0092CC72 /* MyPageViewModel.swift */; };
		2BB515A12BDFE5090092CC72 /* MyPageCoordinator.swift in Sources */ = {isa = PBXBuildFile; fileRef = 2BB515A02BDFE5090092CC72 /* MyPageCoordinator.swift */; };
		2BB515A42BDFEEC00092CC72 /* ProfileCollectionViewCell.swift in Sources */ = {isa = PBXBuildFile; fileRef = 2BB515A32BDFEEC00092CC72 /* ProfileCollectionViewCell.swift */; };
		2BC1326E2BE3D3D200F13EC4 /* Kingfisher in Frameworks */ = {isa = PBXBuildFile; productRef = 2BC1326D2BE3D3D200F13EC4 /* Kingfisher */; };
		2BC132702BE3D63900F13EC4 /* FirebaseAnalyticsWithoutAdIdSupport in Frameworks */ = {isa = PBXBuildFile; productRef = 2BC1326F2BE3D63900F13EC4 /* FirebaseAnalyticsWithoutAdIdSupport */; };
		2BEDD4B92BE23DA300C12E17 /* MenuItemCollectionViewCell.swift in Sources */ = {isa = PBXBuildFile; fileRef = 2BEDD4B82BE23DA300C12E17 /* MenuItemCollectionViewCell.swift */; };
		2BF0B6A52C2EDFA700FD47B8 /* TutorAPIService.swift in Sources */ = {isa = PBXBuildFile; fileRef = 2BF0B6A42C2EDFA700FD47B8 /* TutorAPIService.swift */; };
		2BFA9C4B2C0DD42400E72C99 /* NewsInfoCollectionViewCell.swift in Sources */ = {isa = PBXBuildFile; fileRef = 2BFA9C4A2C0DD42400E72C99 /* NewsInfoCollectionViewCell.swift */; };
		2BFA9C4D2C0DDD5600E72C99 /* NewsContentCollectionViewCell.swift in Sources */ = {isa = PBXBuildFile; fileRef = 2BFA9C4C2C0DDD5600E72C99 /* NewsContentCollectionViewCell.swift */; };
		2BFA9C502C0F340300E72C99 /* LoginViewController.swift in Sources */ = {isa = PBXBuildFile; fileRef = 2BFA9C4F2C0F340300E72C99 /* LoginViewController.swift */; };
		2BFA9C522C0F340B00E72C99 /* LoginViewModel.swift in Sources */ = {isa = PBXBuildFile; fileRef = 2BFA9C512C0F340B00E72C99 /* LoginViewModel.swift */; };
		2BFA9C542C0F341600E72C99 /* LoginCoordinator.swift in Sources */ = {isa = PBXBuildFile; fileRef = 2BFA9C532C0F341600E72C99 /* LoginCoordinator.swift */; };
		2BFA9C562C0F341E00E72C99 /* LoginComponent.swift in Sources */ = {isa = PBXBuildFile; fileRef = 2BFA9C552C0F341E00E72C99 /* LoginComponent.swift */; };
		2BFDBF082C25AEBF0081247B /* GoogleService-Info.plist in Resources */ = {isa = PBXBuildFile; fileRef = 2BFDBF072C25AEBF0081247B /* GoogleService-Info.plist */; };
/* End PBXBuildFile section */

/* Begin PBXContainerItemProxy section */
		2B1469D02BD38F8000E6483E /* PBXContainerItemProxy */ = {
			isa = PBXContainerItemProxy;
			containerPortal = 2B1469B12BD38F7F00E6483E /* Project object */;
			proxyType = 1;
			remoteGlobalIDString = 2B1469B82BD38F8000E6483E;
			remoteInfo = ArtBridge;
		};
		2B1469DA2BD38F8000E6483E /* PBXContainerItemProxy */ = {
			isa = PBXContainerItemProxy;
			containerPortal = 2B1469B12BD38F7F00E6483E /* Project object */;
			proxyType = 1;
			remoteGlobalIDString = 2B1469B82BD38F8000E6483E;
			remoteInfo = ArtBridge;
		};
/* End PBXContainerItemProxy section */

/* Begin PBXFileReference section */
		2B0024662C0A094500C4C276 /* MessageViewController.swift */ = {isa = PBXFileReference; lastKnownFileType = sourcecode.swift; path = MessageViewController.swift; sourceTree = "<group>"; };
		2B0024682C0A094D00C4C276 /* MessageViewModel.swift */ = {isa = PBXFileReference; lastKnownFileType = sourcecode.swift; path = MessageViewModel.swift; sourceTree = "<group>"; };
		2B00246A2C0A095800C4C276 /* MessageCoordinator.swift */ = {isa = PBXFileReference; lastKnownFileType = sourcecode.swift; path = MessageCoordinator.swift; sourceTree = "<group>"; };
		2B00246C2C0A096200C4C276 /* MessageComponent.swift */ = {isa = PBXFileReference; lastKnownFileType = sourcecode.swift; path = MessageComponent.swift; sourceTree = "<group>"; };
		2B0BCF112C1320940053ACAD /* SettingViewController.swift */ = {isa = PBXFileReference; lastKnownFileType = sourcecode.swift; path = SettingViewController.swift; sourceTree = "<group>"; };
		2B0BCF132C13209C0053ACAD /* SettingViewModel.swift */ = {isa = PBXFileReference; lastKnownFileType = sourcecode.swift; path = SettingViewModel.swift; sourceTree = "<group>"; };
		2B0BCF152C1320A60053ACAD /* SettingComponent.swift */ = {isa = PBXFileReference; lastKnownFileType = sourcecode.swift; path = SettingComponent.swift; sourceTree = "<group>"; };
		2B0BCF172C1320AE0053ACAD /* SettingCoordinator.swift */ = {isa = PBXFileReference; lastKnownFileType = sourcecode.swift; path = SettingCoordinator.swift; sourceTree = "<group>"; };
		2B1469B92BD38F8000E6483E /* ArtBridge.app */ = {isa = PBXFileReference; explicitFileType = wrapper.application; includeInIndex = 0; path = ArtBridge.app; sourceTree = BUILT_PRODUCTS_DIR; };
		2B1469BC2BD38F8000E6483E /* AppDelegate.swift */ = {isa = PBXFileReference; lastKnownFileType = sourcecode.swift; path = AppDelegate.swift; sourceTree = "<group>"; };
		2B1469BE2BD38F8000E6483E /* SceneDelegate.swift */ = {isa = PBXFileReference; lastKnownFileType = sourcecode.swift; path = SceneDelegate.swift; sourceTree = "<group>"; };
		2B1469C02BD38F8000E6483E /* ViewController.swift */ = {isa = PBXFileReference; lastKnownFileType = sourcecode.swift; path = ViewController.swift; sourceTree = "<group>"; };
		2B1469C52BD38F8000E6483E /* Assets.xcassets */ = {isa = PBXFileReference; lastKnownFileType = folder.assetcatalog; path = Assets.xcassets; sourceTree = "<group>"; };
		2B1469C82BD38F8000E6483E /* Base */ = {isa = PBXFileReference; lastKnownFileType = file.storyboard; name = Base; path = Base.lproj/LaunchScreen.storyboard; sourceTree = "<group>"; };
		2B1469CA2BD38F8000E6483E /* Info.plist */ = {isa = PBXFileReference; lastKnownFileType = text.plist.xml; path = Info.plist; sourceTree = "<group>"; };
		2B1469CF2BD38F8000E6483E /* ArtBridgeTests.xctest */ = {isa = PBXFileReference; explicitFileType = wrapper.cfbundle; includeInIndex = 0; path = ArtBridgeTests.xctest; sourceTree = BUILT_PRODUCTS_DIR; };
		2B1469D32BD38F8000E6483E /* ArtBridgeTests.swift */ = {isa = PBXFileReference; lastKnownFileType = sourcecode.swift; path = ArtBridgeTests.swift; sourceTree = "<group>"; };
		2B1469D92BD38F8000E6483E /* ArtBridgeUITests.xctest */ = {isa = PBXFileReference; explicitFileType = wrapper.cfbundle; includeInIndex = 0; path = ArtBridgeUITests.xctest; sourceTree = BUILT_PRODUCTS_DIR; };
		2B1469DD2BD38F8000E6483E /* ArtBridgeUITests.swift */ = {isa = PBXFileReference; lastKnownFileType = sourcecode.swift; path = ArtBridgeUITests.swift; sourceTree = "<group>"; };
		2B1469DF2BD38F8000E6483E /* ArtBridgeUITestsLaunchTests.swift */ = {isa = PBXFileReference; lastKnownFileType = sourcecode.swift; path = ArtBridgeUITestsLaunchTests.swift; sourceTree = "<group>"; };
		2B1469F02BD395E300E6483E /* AppComponent.swift */ = {isa = PBXFileReference; lastKnownFileType = sourcecode.swift; path = AppComponent.swift; sourceTree = "<group>"; };
		2B1469F32BD3963600E6483E /* MainTabComponent.swift */ = {isa = PBXFileReference; lastKnownFileType = sourcecode.swift; path = MainTabComponent.swift; sourceTree = "<group>"; };
		2B1469F52BD3974000E6483E /* MainTabController.swift */ = {isa = PBXFileReference; lastKnownFileType = sourcecode.swift; path = MainTabController.swift; sourceTree = "<group>"; };
		2B1469F72BD3979700E6483E /* MainTabViewModel.swift */ = {isa = PBXFileReference; lastKnownFileType = sourcecode.swift; path = MainTabViewModel.swift; sourceTree = "<group>"; };
		2B1469FE2BD399BF00E6483E /* UIView+.swift */ = {isa = PBXFileReference; lastKnownFileType = sourcecode.swift; path = "UIView+.swift"; sourceTree = "<group>"; };
		2B146A032BD3DA6D00E6483E /* AppCoordinator.swift */ = {isa = PBXFileReference; lastKnownFileType = sourcecode.swift; path = AppCoordinator.swift; sourceTree = "<group>"; };
		2B146A052BD3DC0C00E6483E /* MainTabCoordinator.swift */ = {isa = PBXFileReference; lastKnownFileType = sourcecode.swift; path = MainTabCoordinator.swift; sourceTree = "<group>"; };
		2B146A082BD3DF0000E6483E /* BaseCoordinator.swift */ = {isa = PBXFileReference; lastKnownFileType = sourcecode.swift; path = BaseCoordinator.swift; sourceTree = "<group>"; };
		2B3851FD2BF238AE00BCF540 /* CommentInputView.swift */ = {isa = PBXFileReference; lastKnownFileType = sourcecode.swift; path = CommentInputView.swift; sourceTree = "<group>"; };
		2B3851FF2BF2628900BCF540 /* UITextView+.swift */ = {isa = PBXFileReference; lastKnownFileType = sourcecode.swift; path = "UITextView+.swift"; sourceTree = "<group>"; };
		2B3852012BF63B8600BCF540 /* UIButton+.swift */ = {isa = PBXFileReference; lastKnownFileType = sourcecode.swift; path = "UIButton+.swift"; sourceTree = "<group>"; };
		2B3852042BF77D2800BCF540 /* DetailTutorViewController.swift */ = {isa = PBXFileReference; lastKnownFileType = sourcecode.swift; path = DetailTutorViewController.swift; sourceTree = "<group>"; };
		2B3852062BF77D3700BCF540 /* DetailTutorViewModel.swift */ = {isa = PBXFileReference; lastKnownFileType = sourcecode.swift; path = DetailTutorViewModel.swift; sourceTree = "<group>"; };
		2B3852082BF77D4400BCF540 /* DetailTutorComponent.swift */ = {isa = PBXFileReference; lastKnownFileType = sourcecode.swift; path = DetailTutorComponent.swift; sourceTree = "<group>"; };
		2B38520A2BF77D4F00BCF540 /* DetailTutorCoordinator.swift */ = {isa = PBXFileReference; lastKnownFileType = sourcecode.swift; path = DetailTutorCoordinator.swift; sourceTree = "<group>"; };
		2B3C998B2C5B23B700CA865D /* TopButtonsView.swift */ = {isa = PBXFileReference; lastKnownFileType = sourcecode.swift; path = TopButtonsView.swift; sourceTree = "<group>"; };
		2B3EBFA22C54BE950089D48C /* FloatingButton.swift */ = {isa = PBXFileReference; lastKnownFileType = sourcecode.swift; path = FloatingButton.swift; sourceTree = "<group>"; };
		2B4170002C0AEC1000F31881 /* MessageCollectionViewCell.swift */ = {isa = PBXFileReference; lastKnownFileType = sourcecode.swift; path = MessageCollectionViewCell.swift; sourceTree = "<group>"; };
		2B455FD02C22F2FB00C29F0B /* HomeAPIService.swift */ = {isa = PBXFileReference; lastKnownFileType = sourcecode.swift; path = HomeAPIService.swift; sourceTree = "<group>"; };
		2B455FD22C22F61400C29F0B /* FirestoreService.swift */ = {isa = PBXFileReference; lastKnownFileType = sourcecode.swift; path = FirestoreService.swift; sourceTree = "<group>"; };
		2B4814AF2C319BAB00A7529E /* NewsAPIService.swift */ = {isa = PBXFileReference; lastKnownFileType = sourcecode.swift; path = NewsAPIService.swift; sourceTree = "<group>"; };
		2B54ADD22C1B35B3002BD5C5 /* DetailInstrumentViewController.swift */ = {isa = PBXFileReference; lastKnownFileType = sourcecode.swift; path = DetailInstrumentViewController.swift; sourceTree = "<group>"; };
		2B54ADD82C1B35DA002BD5C5 /* DetailInstrumentCoordinator.swift */ = {isa = PBXFileReference; lastKnownFileType = sourcecode.swift; path = DetailInstrumentCoordinator.swift; sourceTree = "<group>"; };
		2B54ADDC2C1B35F6002BD5C5 /* DetailInstrumentViewModel.swift */ = {isa = PBXFileReference; lastKnownFileType = sourcecode.swift; path = DetailInstrumentViewModel.swift; sourceTree = "<group>"; };
		2B54ADDE2C1B3603002BD5C5 /* DetailInstrumentComponent.swift */ = {isa = PBXFileReference; lastKnownFileType = sourcecode.swift; path = DetailInstrumentComponent.swift; sourceTree = "<group>"; };
		2B5C6C9A2BF845AC004800CC /* ScrollCounter.swift */ = {isa = PBXFileReference; lastKnownFileType = sourcecode.swift; path = ScrollCounter.swift; sourceTree = "<group>"; };
		2B5C6C9D2BF84E1E004800CC /* TutorProfileCollectionViewCell.swift */ = {isa = PBXFileReference; lastKnownFileType = sourcecode.swift; path = TutorProfileCollectionViewCell.swift; sourceTree = "<group>"; };
		2B5C6C9F2BFA0251004800CC /* TutorInfoCollectionViewCell.swift */ = {isa = PBXFileReference; lastKnownFileType = sourcecode.swift; path = TutorInfoCollectionViewCell.swift; sourceTree = "<group>"; };
		2B5C6CA12BFA3355004800CC /* TutorDescCollectionViewCell.swift */ = {isa = PBXFileReference; lastKnownFileType = sourcecode.swift; path = TutorDescCollectionViewCell.swift; sourceTree = "<group>"; };
		2B5F006C2C59205800FCC51A /* CreatePostComponent.swift */ = {isa = PBXFileReference; lastKnownFileType = sourcecode.swift; path = CreatePostComponent.swift; sourceTree = "<group>"; };
		2B5F006E2C59206200FCC51A /* CreatePostViewController.swift */ = {isa = PBXFileReference; lastKnownFileType = sourcecode.swift; path = CreatePostViewController.swift; sourceTree = "<group>"; };
		2B5F00702C59206D00FCC51A /* CreatePostViewModel.swift */ = {isa = PBXFileReference; lastKnownFileType = sourcecode.swift; path = CreatePostViewModel.swift; sourceTree = "<group>"; };
		2B5F00722C59207800FCC51A /* CreatePostCoordinator.swift */ = {isa = PBXFileReference; lastKnownFileType = sourcecode.swift; path = CreatePostCoordinator.swift; sourceTree = "<group>"; };
		2B6B20CF2BFA3740002D9E79 /* BottomButton.swift */ = {isa = PBXFileReference; lastKnownFileType = sourcecode.swift; path = BottomButton.swift; sourceTree = "<group>"; };
		2B6B20D22BFCBB9E002D9E79 /* DetailNewsViewController.swift */ = {isa = PBXFileReference; lastKnownFileType = sourcecode.swift; path = DetailNewsViewController.swift; sourceTree = "<group>"; };
		2B6B20D42BFCBBA7002D9E79 /* DetailNewsViewModel.swift */ = {isa = PBXFileReference; lastKnownFileType = sourcecode.swift; path = DetailNewsViewModel.swift; sourceTree = "<group>"; };
		2B6B20D62BFCBBB0002D9E79 /* DetailNewsComponent.swift */ = {isa = PBXFileReference; lastKnownFileType = sourcecode.swift; path = DetailNewsComponent.swift; sourceTree = "<group>"; };
		2B6B20D82BFCBBB9002D9E79 /* DetailNewsCoordinator.swift */ = {isa = PBXFileReference; lastKnownFileType = sourcecode.swift; path = DetailNewsCoordinator.swift; sourceTree = "<group>"; };
		2B6F28A62BED326300BDA911 /* ContentListViewController.swift */ = {isa = PBXFileReference; lastKnownFileType = sourcecode.swift; path = ContentListViewController.swift; sourceTree = "<group>"; };
		2B6F28A82BED330100BDA911 /* ContentListComponent.swift */ = {isa = PBXFileReference; lastKnownFileType = sourcecode.swift; path = ContentListComponent.swift; sourceTree = "<group>"; };
		2B6F28AA2BED33A800BDA911 /* ContentListViewModel.swift */ = {isa = PBXFileReference; lastKnownFileType = sourcecode.swift; path = ContentListViewModel.swift; sourceTree = "<group>"; };
		2B6F28AC2BED347200BDA911 /* ContentListCoordinator.swift */ = {isa = PBXFileReference; lastKnownFileType = sourcecode.swift; path = ContentListCoordinator.swift; sourceTree = "<group>"; };
		2B9705C62C21DBDC00B94E8B /* PostAPIService.swift */ = {isa = PBXFileReference; lastKnownFileType = sourcecode.swift; path = PostAPIService.swift; sourceTree = "<group>"; };
		2B9C4FD12BF0B57E0058CE3F /* DetailPostViewController.swift */ = {isa = PBXFileReference; lastKnownFileType = sourcecode.swift; path = DetailPostViewController.swift; sourceTree = "<group>"; };
		2B9C4FD32BF0B58F0058CE3F /* DetailPostComponent.swift */ = {isa = PBXFileReference; lastKnownFileType = sourcecode.swift; path = DetailPostComponent.swift; sourceTree = "<group>"; };
		2B9C4FD52BF0B59F0058CE3F /* DetailPostViewModel.swift */ = {isa = PBXFileReference; lastKnownFileType = sourcecode.swift; path = DetailPostViewModel.swift; sourceTree = "<group>"; };
		2B9C4FD72BF0B5B00058CE3F /* DetailPostCoordinator.swift */ = {isa = PBXFileReference; lastKnownFileType = sourcecode.swift; path = DetailPostCoordinator.swift; sourceTree = "<group>"; };
		2B9C4FDA2BF0CA5C0058CE3F /* CommentCollectionViewCell.swift */ = {isa = PBXFileReference; lastKnownFileType = sourcecode.swift; path = CommentCollectionViewCell.swift; sourceTree = "<group>"; };
		2B9C4FDC2BF0CA740058CE3F /* ContentCollectionViewCell.swift */ = {isa = PBXFileReference; lastKnownFileType = sourcecode.swift; path = ContentCollectionViewCell.swift; sourceTree = "<group>"; };
		2B9C4FDF2BF0CB5C0058CE3F /* ProfileView.swift */ = {isa = PBXFileReference; lastKnownFileType = sourcecode.swift; path = ProfileView.swift; sourceTree = "<group>"; };
		2BB084A52C1E9924005E7221 /* AlarmViewController.swift */ = {isa = PBXFileReference; lastKnownFileType = sourcecode.swift; path = AlarmViewController.swift; sourceTree = "<group>"; };
		2BB084A72C1E9930005E7221 /* AlarmViewModel.swift */ = {isa = PBXFileReference; lastKnownFileType = sourcecode.swift; path = AlarmViewModel.swift; sourceTree = "<group>"; };
		2BB084A92C1E993E005E7221 /* AlarmComponent.swift */ = {isa = PBXFileReference; lastKnownFileType = sourcecode.swift; path = AlarmComponent.swift; sourceTree = "<group>"; };
		2BB084AB2C1E9948005E7221 /* AlarmCoordinator.swift */ = {isa = PBXFileReference; lastKnownFileType = sourcecode.swift; path = AlarmCoordinator.swift; sourceTree = "<group>"; };
		2BB084AE2C1EA7D5005E7221 /* AlarmCollectionViewCell.swift */ = {isa = PBXFileReference; lastKnownFileType = sourcecode.swift; path = AlarmCollectionViewCell.swift; sourceTree = "<group>"; };
		2BB5155D2BD91CE90092CC72 /* UIStackView+.swift */ = {isa = PBXFileReference; lastKnownFileType = sourcecode.swift; path = "UIStackView+.swift"; sourceTree = "<group>"; };
		2BB515602BDAA7190092CC72 /* HomeComponent.swift */ = {isa = PBXFileReference; lastKnownFileType = sourcecode.swift; path = HomeComponent.swift; sourceTree = "<group>"; };
		2BB515622BDAA7490092CC72 /* HomeViewController.swift */ = {isa = PBXFileReference; lastKnownFileType = sourcecode.swift; path = HomeViewController.swift; sourceTree = "<group>"; };
		2BB515642BDAA75A0092CC72 /* HomeViewModel.swift */ = {isa = PBXFileReference; lastKnownFileType = sourcecode.swift; path = HomeViewModel.swift; sourceTree = "<group>"; };
		2BB515662BDAA85E0092CC72 /* HomeCoordinator.swift */ = {isa = PBXFileReference; lastKnownFileType = sourcecode.swift; path = HomeCoordinator.swift; sourceTree = "<group>"; };
		2BB5156E2BDACA2E0092CC72 /* BannerCollectionViewCell.swift */ = {isa = PBXFileReference; lastKnownFileType = sourcecode.swift; path = BannerCollectionViewCell.swift; sourceTree = "<group>"; };
		2BB515712BDBCE5A0092CC72 /* UIColor+.swift */ = {isa = PBXFileReference; lastKnownFileType = sourcecode.swift; path = "UIColor+.swift"; sourceTree = "<group>"; };
		2BB515752BDBD1800092CC72 /* ArtBridgeNavBar.swift */ = {isa = PBXFileReference; lastKnownFileType = sourcecode.swift; path = ArtBridgeNavBar.swift; sourceTree = "<group>"; };
		2BB515772BDBF13D0092CC72 /* QuickBtnCollectionViewCell.swift */ = {isa = PBXFileReference; lastKnownFileType = sourcecode.swift; path = QuickBtnCollectionViewCell.swift; sourceTree = "<group>"; };
		2BB515792BDDF1E60092CC72 /* HeaderView.swift */ = {isa = PBXFileReference; lastKnownFileType = sourcecode.swift; path = HeaderView.swift; sourceTree = "<group>"; };
		2BB5157B2BDDFCDD0092CC72 /* PreviewCollectionViewCell.swift */ = {isa = PBXFileReference; lastKnownFileType = sourcecode.swift; path = PreviewCollectionViewCell.swift; sourceTree = "<group>"; };
		2BB5157E2BDE15A50092CC72 /* CommunityComponent.swift */ = {isa = PBXFileReference; lastKnownFileType = sourcecode.swift; path = CommunityComponent.swift; sourceTree = "<group>"; };
		2BB515802BDE15B20092CC72 /* CommunityViewController.swift */ = {isa = PBXFileReference; lastKnownFileType = sourcecode.swift; path = CommunityViewController.swift; sourceTree = "<group>"; };
		2BB515822BDE15BD0092CC72 /* CommunityViewModel.swift */ = {isa = PBXFileReference; lastKnownFileType = sourcecode.swift; path = CommunityViewModel.swift; sourceTree = "<group>"; };
		2BB515842BDE15CA0092CC72 /* CommunityCoordinator.swift */ = {isa = PBXFileReference; lastKnownFileType = sourcecode.swift; path = CommunityCoordinator.swift; sourceTree = "<group>"; };
		2BB515872BDE86F40092CC72 /* CategoryCollectionViewCell.swift */ = {isa = PBXFileReference; lastKnownFileType = sourcecode.swift; path = CategoryCollectionViewCell.swift; sourceTree = "<group>"; };
		2BB515892BDE8DCE0092CC72 /* PostCollectionViewCell.swift */ = {isa = PBXFileReference; lastKnownFileType = sourcecode.swift; path = PostCollectionViewCell.swift; sourceTree = "<group>"; };
		2BB5158E2BDFD53D0092CC72 /* MessageListComponent.swift */ = {isa = PBXFileReference; lastKnownFileType = sourcecode.swift; path = MessageListComponent.swift; sourceTree = "<group>"; };
		2BB515902BDFD5640092CC72 /* MessageListViewController.swift */ = {isa = PBXFileReference; lastKnownFileType = sourcecode.swift; path = MessageListViewController.swift; sourceTree = "<group>"; };
		2BB515922BDFD56D0092CC72 /* MessageListViewModel.swift */ = {isa = PBXFileReference; lastKnownFileType = sourcecode.swift; path = MessageListViewModel.swift; sourceTree = "<group>"; };
		2BB515942BDFD5770092CC72 /* MessageListCoordinator.swift */ = {isa = PBXFileReference; lastKnownFileType = sourcecode.swift; path = MessageListCoordinator.swift; sourceTree = "<group>"; };
		2BB515972BDFDAC50092CC72 /* MessageListCollectionViewCell.swift */ = {isa = PBXFileReference; lastKnownFileType = sourcecode.swift; path = MessageListCollectionViewCell.swift; sourceTree = "<group>"; };
		2BB5159A2BDFE4ED0092CC72 /* MyPageComponent.swift */ = {isa = PBXFileReference; lastKnownFileType = sourcecode.swift; path = MyPageComponent.swift; sourceTree = "<group>"; };
		2BB5159C2BDFE4F70092CC72 /* MyPageViewController.swift */ = {isa = PBXFileReference; lastKnownFileType = sourcecode.swift; path = MyPageViewController.swift; sourceTree = "<group>"; };
		2BB5159E2BDFE4FF0092CC72 /* MyPageViewModel.swift */ = {isa = PBXFileReference; lastKnownFileType = sourcecode.swift; path = MyPageViewModel.swift; sourceTree = "<group>"; };
		2BB515A02BDFE5090092CC72 /* MyPageCoordinator.swift */ = {isa = PBXFileReference; lastKnownFileType = sourcecode.swift; path = MyPageCoordinator.swift; sourceTree = "<group>"; };
		2BB515A32BDFEEC00092CC72 /* ProfileCollectionViewCell.swift */ = {isa = PBXFileReference; lastKnownFileType = sourcecode.swift; path = ProfileCollectionViewCell.swift; sourceTree = "<group>"; };
		2BEDD4B82BE23DA300C12E17 /* MenuItemCollectionViewCell.swift */ = {isa = PBXFileReference; lastKnownFileType = sourcecode.swift; path = MenuItemCollectionViewCell.swift; sourceTree = "<group>"; };
		2BF0B6A42C2EDFA700FD47B8 /* TutorAPIService.swift */ = {isa = PBXFileReference; lastKnownFileType = sourcecode.swift; path = TutorAPIService.swift; sourceTree = "<group>"; };
		2BFA9C4A2C0DD42400E72C99 /* NewsInfoCollectionViewCell.swift */ = {isa = PBXFileReference; lastKnownFileType = sourcecode.swift; path = NewsInfoCollectionViewCell.swift; sourceTree = "<group>"; };
		2BFA9C4C2C0DDD5600E72C99 /* NewsContentCollectionViewCell.swift */ = {isa = PBXFileReference; lastKnownFileType = sourcecode.swift; path = NewsContentCollectionViewCell.swift; sourceTree = "<group>"; };
		2BFA9C4F2C0F340300E72C99 /* LoginViewController.swift */ = {isa = PBXFileReference; lastKnownFileType = sourcecode.swift; path = LoginViewController.swift; sourceTree = "<group>"; };
		2BFA9C512C0F340B00E72C99 /* LoginViewModel.swift */ = {isa = PBXFileReference; lastKnownFileType = sourcecode.swift; path = LoginViewModel.swift; sourceTree = "<group>"; };
		2BFA9C532C0F341600E72C99 /* LoginCoordinator.swift */ = {isa = PBXFileReference; lastKnownFileType = sourcecode.swift; path = LoginCoordinator.swift; sourceTree = "<group>"; };
		2BFA9C552C0F341E00E72C99 /* LoginComponent.swift */ = {isa = PBXFileReference; lastKnownFileType = sourcecode.swift; path = LoginComponent.swift; sourceTree = "<group>"; };
		2BFDBF072C25AEBF0081247B /* GoogleService-Info.plist */ = {isa = PBXFileReference; fileEncoding = 4; lastKnownFileType = text.plist.xml; name = "GoogleService-Info.plist"; path = "../../Downloads/GoogleService-Info.plist"; sourceTree = "<group>"; };
/* End PBXFileReference section */

/* Begin PBXFrameworksBuildPhase section */
		2B1469B62BD38F8000E6483E /* Frameworks */ = {
			isa = PBXFrameworksBuildPhase;
			buildActionMask = 2147483647;
			files = (
				2BB5156C2BDAB0B00092CC72 /* RxRelay in Frameworks */,
				2B146A0C2BD3E07600E6483E /* RxSwift in Frameworks */,
				2B0BCF0F2C11FF270053ACAD /* RxGesture in Frameworks */,
				2BC1326E2BE3D3D200F13EC4 /* Kingfisher in Frameworks */,
				2B9C4FCE2BED3B690058CE3F /* Then in Frameworks */,
				2B9705C92C21DE4400B94E8B /* FirebaseFirestore in Frameworks */,
				2BB5156A2BDAB0AB0092CC72 /* RxCocoa in Frameworks */,
				2B146A022BD39A9A00E6483E /* SnapKit in Frameworks */,
				2BC132702BE3D63900F13EC4 /* FirebaseAnalyticsWithoutAdIdSupport in Frameworks */,
			);
			runOnlyForDeploymentPostprocessing = 0;
		};
		2B1469CC2BD38F8000E6483E /* Frameworks */ = {
			isa = PBXFrameworksBuildPhase;
			buildActionMask = 2147483647;
			files = (
			);
			runOnlyForDeploymentPostprocessing = 0;
		};
		2B1469D62BD38F8000E6483E /* Frameworks */ = {
			isa = PBXFrameworksBuildPhase;
			buildActionMask = 2147483647;
			files = (
			);
			runOnlyForDeploymentPostprocessing = 0;
		};
/* End PBXFrameworksBuildPhase section */

/* Begin PBXGroup section */
		2B0024652C0A093100C4C276 /* Chat */ = {
			isa = PBXGroup;
			children = (
				2B416FFF2C0AEBF600F31881 /* Cells */,
				2B0024662C0A094500C4C276 /* MessageViewController.swift */,
				2B0024682C0A094D00C4C276 /* MessageViewModel.swift */,
				2B00246C2C0A096200C4C276 /* MessageComponent.swift */,
				2B00246A2C0A095800C4C276 /* MessageCoordinator.swift */,
			);
			path = Chat;
			sourceTree = "<group>";
		};
		2B0BCF102C1320800053ACAD /* Setting */ = {
			isa = PBXGroup;
			children = (
				2B0BCF112C1320940053ACAD /* SettingViewController.swift */,
				2B0BCF132C13209C0053ACAD /* SettingViewModel.swift */,
				2B0BCF152C1320A60053ACAD /* SettingComponent.swift */,
				2B0BCF172C1320AE0053ACAD /* SettingCoordinator.swift */,
			);
			path = Setting;
			sourceTree = "<group>";
		};
		2B1469B02BD38F7F00E6483E = {
			isa = PBXGroup;
			children = (
				2B1469BB2BD38F8000E6483E /* ArtBridge */,
				2B1469D22BD38F8000E6483E /* ArtBridgeTests */,
				2B1469DC2BD38F8000E6483E /* ArtBridgeUITests */,
				2B1469BA2BD38F8000E6483E /* Products */,
				2BB515682BDAB0AB0092CC72 /* Frameworks */,
			);
			sourceTree = "<group>";
		};
		2B1469BA2BD38F8000E6483E /* Products */ = {
			isa = PBXGroup;
			children = (
				2B1469B92BD38F8000E6483E /* ArtBridge.app */,
				2B1469CF2BD38F8000E6483E /* ArtBridgeTests.xctest */,
				2B1469D92BD38F8000E6483E /* ArtBridgeUITests.xctest */,
			);
			name = Products;
			sourceTree = "<group>";
		};
		2B1469BB2BD38F8000E6483E /* ArtBridge */ = {
			isa = PBXGroup;
			children = (
				2B1469EC2BD391D300E6483E /* Sources */,
				2B1469ED2BD391DB00E6483E /* Resources */,
				2B1469C02BD38F8000E6483E /* ViewController.swift */,
				2B1469C72BD38F8000E6483E /* LaunchScreen.storyboard */,
				2B1469CA2BD38F8000E6483E /* Info.plist */,
				2BFDBF072C25AEBF0081247B /* GoogleService-Info.plist */,
			);
			path = ArtBridge;
			sourceTree = "<group>";
		};
		2B1469D22BD38F8000E6483E /* ArtBridgeTests */ = {
			isa = PBXGroup;
			children = (
				2B1469D32BD38F8000E6483E /* ArtBridgeTests.swift */,
			);
			path = ArtBridgeTests;
			sourceTree = "<group>";
		};
		2B1469DC2BD38F8000E6483E /* ArtBridgeUITests */ = {
			isa = PBXGroup;
			children = (
				2B1469DD2BD38F8000E6483E /* ArtBridgeUITests.swift */,
				2B1469DF2BD38F8000E6483E /* ArtBridgeUITestsLaunchTests.swift */,
			);
			path = ArtBridgeUITests;
			sourceTree = "<group>";
		};
		2B1469EC2BD391D300E6483E /* Sources */ = {
			isa = PBXGroup;
			children = (
				2B146A072BD3DEF000E6483E /* Base */,
				2B1469EF2BD3922100E6483E /* App */,
				2BFA9C4E2C0F313D00E72C99 /* Login */,
				2B1469F22BD3961200E6483E /* MainTabbar */,
				2B1469FC2BD3999500E6483E /* Extensions */,
				2BB515732BDBD14C0092CC72 /* Common */,
			);
			path = Sources;
			sourceTree = "<group>";
		};
		2B1469ED2BD391DB00E6483E /* Resources */ = {
			isa = PBXGroup;
			children = (
				2B1469C52BD38F8000E6483E /* Assets.xcassets */,
			);
			path = Resources;
			sourceTree = "<group>";
		};
		2B1469EF2BD3922100E6483E /* App */ = {
			isa = PBXGroup;
			children = (
				2B1469BC2BD38F8000E6483E /* AppDelegate.swift */,
				2B1469BE2BD38F8000E6483E /* SceneDelegate.swift */,
				2B1469F02BD395E300E6483E /* AppComponent.swift */,
				2B146A032BD3DA6D00E6483E /* AppCoordinator.swift */,
			);
			path = App;
			sourceTree = "<group>";
		};
		2B1469F22BD3961200E6483E /* MainTabbar */ = {
			isa = PBXGroup;
			children = (
				2B1469F32BD3963600E6483E /* MainTabComponent.swift */,
				2B1469F52BD3974000E6483E /* MainTabController.swift */,
				2B1469F72BD3979700E6483E /* MainTabViewModel.swift */,
				2B146A052BD3DC0C00E6483E /* MainTabCoordinator.swift */,
				2BB5155F2BDAA7090092CC72 /* Home */,
				2BB5157D2BDE15580092CC72 /* Community */,
				2BB5158D2BDFD4BB0092CC72 /* Message */,
				2BB515992BDFE3ED0092CC72 /* MyPage */,
				2BB084A42C1E9912005E7221 /* Alarm */,
			);
			path = MainTabbar;
			sourceTree = "<group>";
		};
		2B1469FC2BD3999500E6483E /* Extensions */ = {
			isa = PBXGroup;
			children = (
				2BB515702BDBCE4E0092CC72 /* CG */,
				2B1469FD2BD399B300E6483E /* View+ */,
			);
			path = Extensions;
			sourceTree = "<group>";
		};
		2B1469FD2BD399B300E6483E /* View+ */ = {
			isa = PBXGroup;
			children = (
				2B1469FE2BD399BF00E6483E /* UIView+.swift */,
				2BB5155D2BD91CE90092CC72 /* UIStackView+.swift */,
				2B3851FF2BF2628900BCF540 /* UITextView+.swift */,
				2B3852012BF63B8600BCF540 /* UIButton+.swift */,
			);
			path = "View+";
			sourceTree = "<group>";
		};
		2B146A072BD3DEF000E6483E /* Base */ = {
			isa = PBXGroup;
			children = (
				2B146A082BD3DF0000E6483E /* BaseCoordinator.swift */,
			);
			path = Base;
			sourceTree = "<group>";
		};
		2B3852032BF77CAF00BCF540 /* DetailTutor */ = {
			isa = PBXGroup;
			children = (
				2B5C6C992BF84591004800CC /* Views */,
				2B5C6C9C2BF84DEF004800CC /* Cells */,
				2B3852042BF77D2800BCF540 /* DetailTutorViewController.swift */,
				2B3852062BF77D3700BCF540 /* DetailTutorViewModel.swift */,
				2B3852082BF77D4400BCF540 /* DetailTutorComponent.swift */,
				2B38520A2BF77D4F00BCF540 /* DetailTutorCoordinator.swift */,
			);
			path = DetailTutor;
			sourceTree = "<group>";
		};
		2B3C998A2C5B239E00CA865D /* Cells */ = {
			isa = PBXGroup;
			children = (
				2BB515872BDE86F40092CC72 /* CategoryCollectionViewCell.swift */,
				2BB515892BDE8DCE0092CC72 /* PostCollectionViewCell.swift */,
			);
			path = Cells;
			sourceTree = "<group>";
		};
		2B416FFF2C0AEBF600F31881 /* Cells */ = {
			isa = PBXGroup;
			children = (
				2B4170002C0AEC1000F31881 /* MessageCollectionViewCell.swift */,
			);
			path = Cells;
			sourceTree = "<group>";
		};
		2B54ADD12C1B35A1002BD5C5 /* DetailInstrument */ = {
			isa = PBXGroup;
			children = (
				2B54ADD22C1B35B3002BD5C5 /* DetailInstrumentViewController.swift */,
				2B54ADDC2C1B35F6002BD5C5 /* DetailInstrumentViewModel.swift */,
				2B54ADDE2C1B3603002BD5C5 /* DetailInstrumentComponent.swift */,
				2B54ADD82C1B35DA002BD5C5 /* DetailInstrumentCoordinator.swift */,
			);
			path = DetailInstrument;
			sourceTree = "<group>";
		};
		2B5C6C992BF84591004800CC /* Views */ = {
			isa = PBXGroup;
			children = (
				2B5C6C9A2BF845AC004800CC /* ScrollCounter.swift */,
				2B6B20CF2BFA3740002D9E79 /* BottomButton.swift */,
			);
			path = Views;
			sourceTree = "<group>";
		};
		2B5C6C9C2BF84DEF004800CC /* Cells */ = {
			isa = PBXGroup;
			children = (
				2B5C6C9D2BF84E1E004800CC /* TutorProfileCollectionViewCell.swift */,
				2B5C6C9F2BFA0251004800CC /* TutorInfoCollectionViewCell.swift */,
				2B5C6CA12BFA3355004800CC /* TutorDescCollectionViewCell.swift */,
			);
			path = Cells;
			sourceTree = "<group>";
		};
		2B5F006B2C59204A00FCC51A /* CreatePost */ = {
			isa = PBXGroup;
			children = (
				2B5F006C2C59205800FCC51A /* CreatePostComponent.swift */,
				2B5F006E2C59206200FCC51A /* CreatePostViewController.swift */,
				2B5F00702C59206D00FCC51A /* CreatePostViewModel.swift */,
				2B5F00722C59207800FCC51A /* CreatePostCoordinator.swift */,
			);
			path = CreatePost;
			sourceTree = "<group>";
		};
		2B6B20D12BFCBB82002D9E79 /* DetailNews */ = {
			isa = PBXGroup;
			children = (
				2BFA9C492C0DD40F00E72C99 /* Cells */,
				2B6B20D22BFCBB9E002D9E79 /* DetailNewsViewController.swift */,
				2B6B20D42BFCBBA7002D9E79 /* DetailNewsViewModel.swift */,
				2B6B20D62BFCBBB0002D9E79 /* DetailNewsComponent.swift */,
				2B6B20D82BFCBBB9002D9E79 /* DetailNewsCoordinator.swift */,
			);
			path = DetailNews;
			sourceTree = "<group>";
		};
		2B6F28A52BED325300BDA911 /* ContentList */ = {
			isa = PBXGroup;
			children = (
				2B6F28A62BED326300BDA911 /* ContentListViewController.swift */,
				2B6F28A82BED330100BDA911 /* ContentListComponent.swift */,
				2B6F28AA2BED33A800BDA911 /* ContentListViewModel.swift */,
				2B6F28AC2BED347200BDA911 /* ContentListCoordinator.swift */,
			);
			path = ContentList;
			sourceTree = "<group>";
		};
		2B9705C52C21D89900B94E8B /* Service */ = {
			isa = PBXGroup;
			children = (
				2B9705C62C21DBDC00B94E8B /* PostAPIService.swift */,
				2B455FD02C22F2FB00C29F0B /* HomeAPIService.swift */,
				2B455FD22C22F61400C29F0B /* FirestoreService.swift */,
				2BF0B6A42C2EDFA700FD47B8 /* TutorAPIService.swift */,
				2B4814AF2C319BAB00A7529E /* NewsAPIService.swift */,
			);
			path = Service;
			sourceTree = "<group>";
		};
		2B9C4FCF2BEF79530058CE3F /* Cells */ = {
			isa = PBXGroup;
			children = (
				2BB5156E2BDACA2E0092CC72 /* BannerCollectionViewCell.swift */,
				2BB515772BDBF13D0092CC72 /* QuickBtnCollectionViewCell.swift */,
				2BB5157B2BDDFCDD0092CC72 /* PreviewCollectionViewCell.swift */,
			);
			name = Cells;
			sourceTree = "<group>";
		};
		2B9C4FD02BF0B5590058CE3F /* DetailPost */ = {
			isa = PBXGroup;
			children = (
				2B9C4FDE2BF0CB4C0058CE3F /* Views */,
				2B9C4FD92BF0CA490058CE3F /* Cells */,
				2B9C4FD12BF0B57E0058CE3F /* DetailPostViewController.swift */,
				2B9C4FD32BF0B58F0058CE3F /* DetailPostComponent.swift */,
				2B9C4FD52BF0B59F0058CE3F /* DetailPostViewModel.swift */,
				2B9C4FD72BF0B5B00058CE3F /* DetailPostCoordinator.swift */,
			);
			path = DetailPost;
			sourceTree = "<group>";
		};
		2B9C4FD92BF0CA490058CE3F /* Cells */ = {
			isa = PBXGroup;
			children = (
				2B9C4FDC2BF0CA740058CE3F /* ContentCollectionViewCell.swift */,
				2B9C4FDA2BF0CA5C0058CE3F /* CommentCollectionViewCell.swift */,
			);
			path = Cells;
			sourceTree = "<group>";
		};
		2B9C4FDE2BF0CB4C0058CE3F /* Views */ = {
			isa = PBXGroup;
			children = (
				2B9C4FDF2BF0CB5C0058CE3F /* ProfileView.swift */,
				2B3851FD2BF238AE00BCF540 /* CommentInputView.swift */,
			);
			path = Views;
			sourceTree = "<group>";
		};
		2BB084A42C1E9912005E7221 /* Alarm */ = {
			isa = PBXGroup;
			children = (
				2BB084AD2C1EA7C1005E7221 /* Cells */,
				2BB084A52C1E9924005E7221 /* AlarmViewController.swift */,
				2BB084A72C1E9930005E7221 /* AlarmViewModel.swift */,
				2BB084A92C1E993E005E7221 /* AlarmComponent.swift */,
				2BB084AB2C1E9948005E7221 /* AlarmCoordinator.swift */,
			);
			path = Alarm;
			sourceTree = "<group>";
		};
		2BB084AD2C1EA7C1005E7221 /* Cells */ = {
			isa = PBXGroup;
			children = (
				2BB084AE2C1EA7D5005E7221 /* AlarmCollectionViewCell.swift */,
			);
			path = Cells;
			sourceTree = "<group>";
		};
		2BB5155F2BDAA7090092CC72 /* Home */ = {
			isa = PBXGroup;
			children = (
				2B54ADD12C1B35A1002BD5C5 /* DetailInstrument */,
				2B6B20D12BFCBB82002D9E79 /* DetailNews */,
				2B3852032BF77CAF00BCF540 /* DetailTutor */,
				2B9C4FD02BF0B5590058CE3F /* DetailPost */,
				2B6F28A52BED325300BDA911 /* ContentList */,
				2B9C4FCF2BEF79530058CE3F /* Cells */,
				2BB5156D2BDAC99E0092CC72 /* View */,
				2BB515602BDAA7190092CC72 /* HomeComponent.swift */,
				2BB515622BDAA7490092CC72 /* HomeViewController.swift */,
				2BB515642BDAA75A0092CC72 /* HomeViewModel.swift */,
				2BB515662BDAA85E0092CC72 /* HomeCoordinator.swift */,
			);
			path = Home;
			sourceTree = "<group>";
		};
		2BB515682BDAB0AB0092CC72 /* Frameworks */ = {
			isa = PBXGroup;
			children = (
			);
			name = Frameworks;
			sourceTree = "<group>";
		};
		2BB5156D2BDAC99E0092CC72 /* View */ = {
			isa = PBXGroup;
			children = (
				2BB515792BDDF1E60092CC72 /* HeaderView.swift */,
			);
			path = View;
			sourceTree = "<group>";
		};
		2BB515702BDBCE4E0092CC72 /* CG */ = {
			isa = PBXGroup;
			children = (
				2BB515712BDBCE5A0092CC72 /* UIColor+.swift */,
			);
			path = CG;
			sourceTree = "<group>";
		};
		2BB515732BDBD14C0092CC72 /* Common */ = {
			isa = PBXGroup;
			children = (
				2B9705C52C21D89900B94E8B /* Service */,
				2BB515742BDBD1620092CC72 /* NavigationBar */,
				2B3EBFA22C54BE950089D48C /* FloatingButton.swift */,
			);
			path = Common;
			sourceTree = "<group>";
		};
		2BB515742BDBD1620092CC72 /* NavigationBar */ = {
			isa = PBXGroup;
			children = (
				2BB515752BDBD1800092CC72 /* ArtBridgeNavBar.swift */,
			);
			path = NavigationBar;
			sourceTree = "<group>";
		};
		2BB5157D2BDE15580092CC72 /* Community */ = {
			isa = PBXGroup;
			children = (
				2B5F006B2C59204A00FCC51A /* CreatePost */,
				2B3C998A2C5B239E00CA865D /* Cells */,
				2BB515862BDE86DF0092CC72 /* View */,
				2BB5157E2BDE15A50092CC72 /* CommunityComponent.swift */,
				2BB515802BDE15B20092CC72 /* CommunityViewController.swift */,
				2BB515822BDE15BD0092CC72 /* CommunityViewModel.swift */,
				2BB515842BDE15CA0092CC72 /* CommunityCoordinator.swift */,
			);
			path = Community;
			sourceTree = "<group>";
		};
		2BB515862BDE86DF0092CC72 /* View */ = {
			isa = PBXGroup;
			children = (
				2B3C998B2C5B23B700CA865D /* TopButtonsView.swift */,
			);
			path = View;
			sourceTree = "<group>";
		};
		2BB5158D2BDFD4BB0092CC72 /* Message */ = {
			isa = PBXGroup;
			children = (
				2B0024652C0A093100C4C276 /* Chat */,
				2BB515962BDFDAB10092CC72 /* View */,
				2BB5158E2BDFD53D0092CC72 /* MessageListComponent.swift */,
				2BB515902BDFD5640092CC72 /* MessageListViewController.swift */,
				2BB515922BDFD56D0092CC72 /* MessageListViewModel.swift */,
				2BB515942BDFD5770092CC72 /* MessageListCoordinator.swift */,
			);
			path = Message;
			sourceTree = "<group>";
		};
		2BB515962BDFDAB10092CC72 /* View */ = {
			isa = PBXGroup;
			children = (
				2BB515972BDFDAC50092CC72 /* MessageListCollectionViewCell.swift */,
			);
			path = View;
			sourceTree = "<group>";
		};
		2BB515992BDFE3ED0092CC72 /* MyPage */ = {
			isa = PBXGroup;
			children = (
				2B0BCF102C1320800053ACAD /* Setting */,
				2BB515A22BDFEEB10092CC72 /* View */,
				2BB5159A2BDFE4ED0092CC72 /* MyPageComponent.swift */,
				2BB5159C2BDFE4F70092CC72 /* MyPageViewController.swift */,
				2BB5159E2BDFE4FF0092CC72 /* MyPageViewModel.swift */,
				2BB515A02BDFE5090092CC72 /* MyPageCoordinator.swift */,
			);
			path = MyPage;
			sourceTree = "<group>";
		};
		2BB515A22BDFEEB10092CC72 /* View */ = {
			isa = PBXGroup;
			children = (
				2BB515A32BDFEEC00092CC72 /* ProfileCollectionViewCell.swift */,
				2BEDD4B82BE23DA300C12E17 /* MenuItemCollectionViewCell.swift */,
			);
			path = View;
			sourceTree = "<group>";
		};
		2BFA9C492C0DD40F00E72C99 /* Cells */ = {
			isa = PBXGroup;
			children = (
				2BFA9C4A2C0DD42400E72C99 /* NewsInfoCollectionViewCell.swift */,
				2BFA9C4C2C0DDD5600E72C99 /* NewsContentCollectionViewCell.swift */,
			);
			path = Cells;
			sourceTree = "<group>";
		};
		2BFA9C4E2C0F313D00E72C99 /* Login */ = {
			isa = PBXGroup;
			children = (
				2BFA9C4F2C0F340300E72C99 /* LoginViewController.swift */,
				2BFA9C512C0F340B00E72C99 /* LoginViewModel.swift */,
				2BFA9C532C0F341600E72C99 /* LoginCoordinator.swift */,
				2BFA9C552C0F341E00E72C99 /* LoginComponent.swift */,
			);
			path = Login;
			sourceTree = "<group>";
		};
/* End PBXGroup section */

/* Begin PBXNativeTarget section */
		2B1469B82BD38F8000E6483E /* ArtBridge */ = {
			isa = PBXNativeTarget;
			buildConfigurationList = 2B1469E32BD38F8000E6483E /* Build configuration list for PBXNativeTarget "ArtBridge" */;
			buildPhases = (
				2B1469B52BD38F8000E6483E /* Sources */,
				2B1469B62BD38F8000E6483E /* Frameworks */,
				2B1469B72BD38F8000E6483E /* Resources */,
			);
			buildRules = (
			);
			dependencies = (
			);
			name = ArtBridge;
			packageProductDependencies = (
				2B146A012BD39A9A00E6483E /* SnapKit */,
				2B146A0B2BD3E07600E6483E /* RxSwift */,
				2BB515692BDAB0AB0092CC72 /* RxCocoa */,
				2BB5156B2BDAB0B00092CC72 /* RxRelay */,
				2BC1326D2BE3D3D200F13EC4 /* Kingfisher */,
				2BC1326F2BE3D63900F13EC4 /* FirebaseAnalyticsWithoutAdIdSupport */,
				2B9C4FCD2BED3B690058CE3F /* Then */,
				2B0BCF0E2C11FF270053ACAD /* RxGesture */,
				2B9705C82C21DE4400B94E8B /* FirebaseFirestore */,
			);
			productName = ArtBridge;
			productReference = 2B1469B92BD38F8000E6483E /* ArtBridge.app */;
			productType = "com.apple.product-type.application";
		};
		2B1469CE2BD38F8000E6483E /* ArtBridgeTests */ = {
			isa = PBXNativeTarget;
			buildConfigurationList = 2B1469E62BD38F8000E6483E /* Build configuration list for PBXNativeTarget "ArtBridgeTests" */;
			buildPhases = (
				2B1469CB2BD38F8000E6483E /* Sources */,
				2B1469CC2BD38F8000E6483E /* Frameworks */,
				2B1469CD2BD38F8000E6483E /* Resources */,
			);
			buildRules = (
			);
			dependencies = (
				2B1469D12BD38F8000E6483E /* PBXTargetDependency */,
			);
			name = ArtBridgeTests;
			productName = ArtBridgeTests;
			productReference = 2B1469CF2BD38F8000E6483E /* ArtBridgeTests.xctest */;
			productType = "com.apple.product-type.bundle.unit-test";
		};
		2B1469D82BD38F8000E6483E /* ArtBridgeUITests */ = {
			isa = PBXNativeTarget;
			buildConfigurationList = 2B1469E92BD38F8000E6483E /* Build configuration list for PBXNativeTarget "ArtBridgeUITests" */;
			buildPhases = (
				2B1469D52BD38F8000E6483E /* Sources */,
				2B1469D62BD38F8000E6483E /* Frameworks */,
				2B1469D72BD38F8000E6483E /* Resources */,
			);
			buildRules = (
			);
			dependencies = (
				2B1469DB2BD38F8000E6483E /* PBXTargetDependency */,
			);
			name = ArtBridgeUITests;
			productName = ArtBridgeUITests;
			productReference = 2B1469D92BD38F8000E6483E /* ArtBridgeUITests.xctest */;
			productType = "com.apple.product-type.bundle.ui-testing";
		};
/* End PBXNativeTarget section */

/* Begin PBXProject section */
		2B1469B12BD38F7F00E6483E /* Project object */ = {
			isa = PBXProject;
			attributes = {
				BuildIndependentTargetsInParallel = 1;
				LastSwiftUpdateCheck = 1530;
				LastUpgradeCheck = 1530;
				TargetAttributes = {
					2B1469B82BD38F8000E6483E = {
						CreatedOnToolsVersion = 15.3;
					};
					2B1469CE2BD38F8000E6483E = {
						CreatedOnToolsVersion = 15.3;
						TestTargetID = 2B1469B82BD38F8000E6483E;
					};
					2B1469D82BD38F8000E6483E = {
						CreatedOnToolsVersion = 15.3;
						TestTargetID = 2B1469B82BD38F8000E6483E;
					};
				};
			};
			buildConfigurationList = 2B1469B42BD38F7F00E6483E /* Build configuration list for PBXProject "ArtBridge" */;
			compatibilityVersion = "Xcode 14.0";
			developmentRegion = en;
			hasScannedForEncodings = 0;
			knownRegions = (
				en,
				Base,
			);
			mainGroup = 2B1469B02BD38F7F00E6483E;
			packageReferences = (
				2B1469F92BD3991F00E6483E /* XCRemoteSwiftPackageReference "Then" */,
				2B146A002BD39A9A00E6483E /* XCRemoteSwiftPackageReference "SnapKit" */,
				2B146A0A2BD3E07600E6483E /* XCRemoteSwiftPackageReference "RxSwift" */,
				2BEDD4BC2BE2AB1300C12E17 /* XCRemoteSwiftPackageReference "firebase-ios-sdk" */,
				2BC1326C2BE3D3D200F13EC4 /* XCRemoteSwiftPackageReference "Kingfisher" */,
				2B0BCF0D2C11FF270053ACAD /* XCRemoteSwiftPackageReference "RxGesture" */,
			);
			productRefGroup = 2B1469BA2BD38F8000E6483E /* Products */;
			projectDirPath = "";
			projectRoot = "";
			targets = (
				2B1469B82BD38F8000E6483E /* ArtBridge */,
				2B1469CE2BD38F8000E6483E /* ArtBridgeTests */,
				2B1469D82BD38F8000E6483E /* ArtBridgeUITests */,
			);
		};
/* End PBXProject section */

/* Begin PBXResourcesBuildPhase section */
		2B1469B72BD38F8000E6483E /* Resources */ = {
			isa = PBXResourcesBuildPhase;
			buildActionMask = 2147483647;
			files = (
				2B1469C62BD38F8000E6483E /* Assets.xcassets in Resources */,
				2B1469C92BD38F8000E6483E /* Base in Resources */,
				2BFDBF082C25AEBF0081247B /* GoogleService-Info.plist in Resources */,
			);
			runOnlyForDeploymentPostprocessing = 0;
		};
		2B1469CD2BD38F8000E6483E /* Resources */ = {
			isa = PBXResourcesBuildPhase;
			buildActionMask = 2147483647;
			files = (
			);
			runOnlyForDeploymentPostprocessing = 0;
		};
		2B1469D72BD38F8000E6483E /* Resources */ = {
			isa = PBXResourcesBuildPhase;
			buildActionMask = 2147483647;
			files = (
			);
			runOnlyForDeploymentPostprocessing = 0;
		};
/* End PBXResourcesBuildPhase section */

/* Begin PBXSourcesBuildPhase section */
		2B1469B52BD38F8000E6483E /* Sources */ = {
			isa = PBXSourcesBuildPhase;
			buildActionMask = 2147483647;
			files = (
				2B6B20D92BFCBBB9002D9E79 /* DetailNewsCoordinator.swift in Sources */,
				2BB515762BDBD1800092CC72 /* ArtBridgeNavBar.swift in Sources */,
				2B1469C12BD38F8000E6483E /* ViewController.swift in Sources */,
				2B5C6C9B2BF845AC004800CC /* ScrollCounter.swift in Sources */,
				2B455FD32C22F61400C29F0B /* FirestoreService.swift in Sources */,
				2BB515982BDFDAC50092CC72 /* MessageListCollectionViewCell.swift in Sources */,
				2BFA9C4D2C0DDD5600E72C99 /* NewsContentCollectionViewCell.swift in Sources */,
				2BB515932BDFD56D0092CC72 /* MessageListViewModel.swift in Sources */,
				2B1469F42BD3963600E6483E /* MainTabComponent.swift in Sources */,
				2BF0B6A52C2EDFA700FD47B8 /* TutorAPIService.swift in Sources */,
				2BB084AA2C1E993E005E7221 /* AlarmComponent.swift in Sources */,
				2B455FD12C22F2FB00C29F0B /* HomeAPIService.swift in Sources */,
				2BB5157C2BDDFCDD0092CC72 /* PreviewCollectionViewCell.swift in Sources */,
				2B9C4FD62BF0B59F0058CE3F /* DetailPostViewModel.swift in Sources */,
				2B5F006F2C59206200FCC51A /* CreatePostViewController.swift in Sources */,
				2B00246D2C0A096200C4C276 /* MessageComponent.swift in Sources */,
				2BB084A62C1E9924005E7221 /* AlarmViewController.swift in Sources */,
				2B0BCF182C1320AE0053ACAD /* SettingCoordinator.swift in Sources */,
				2BB5159F2BDFE4FF0092CC72 /* MyPageViewModel.swift in Sources */,
				2BB515882BDE86F40092CC72 /* CategoryCollectionViewCell.swift in Sources */,
				2B3852092BF77D4400BCF540 /* DetailTutorComponent.swift in Sources */,
				2BB084A82C1E9930005E7221 /* AlarmViewModel.swift in Sources */,
				2B5F00712C59206D00FCC51A /* CreatePostViewModel.swift in Sources */,
				2B6B20D72BFCBBB0002D9E79 /* DetailNewsComponent.swift in Sources */,
				2BB084AF2C1EA7D5005E7221 /* AlarmCollectionViewCell.swift in Sources */,
				2B1469F62BD3974000E6483E /* MainTabController.swift in Sources */,
				2B54ADDF2C1B3603002BD5C5 /* DetailInstrumentComponent.swift in Sources */,
				2B6B20D02BFA3740002D9E79 /* BottomButton.swift in Sources */,
				2B3852052BF77D2800BCF540 /* DetailTutorViewController.swift in Sources */,
				2B0BCF122C1320940053ACAD /* SettingViewController.swift in Sources */,
				2B00246B2C0A095800C4C276 /* MessageCoordinator.swift in Sources */,
				2B146A062BD3DC0C00E6483E /* MainTabCoordinator.swift in Sources */,
				2BB515852BDE15CA0092CC72 /* CommunityCoordinator.swift in Sources */,
				2B5F006D2C59205800FCC51A /* CreatePostComponent.swift in Sources */,
				2BB515A12BDFE5090092CC72 /* MyPageCoordinator.swift in Sources */,
				2B1469F12BD395E300E6483E /* AppComponent.swift in Sources */,
				2B4170012C0AEC1000F31881 /* MessageCollectionViewCell.swift in Sources */,
				2BB515632BDAA7490092CC72 /* HomeViewController.swift in Sources */,
				2B3852002BF2628900BCF540 /* UITextView+.swift in Sources */,
				2B5C6CA02BFA0251004800CC /* TutorInfoCollectionViewCell.swift in Sources */,
				2B9C4FD42BF0B58F0058CE3F /* DetailPostComponent.swift in Sources */,
				2B1469FF2BD399BF00E6483E /* UIView+.swift in Sources */,
				2B1469BD2BD38F8000E6483E /* AppDelegate.swift in Sources */,
				2BB5158A2BDE8DCE0092CC72 /* PostCollectionViewCell.swift in Sources */,
				2B5C6CA22BFA3355004800CC /* TutorDescCollectionViewCell.swift in Sources */,
				2B38520B2BF77D4F00BCF540 /* DetailTutorCoordinator.swift in Sources */,
				2B9C4FD82BF0B5B00058CE3F /* DetailPostCoordinator.swift in Sources */,
				2B9C4FDB2BF0CA5C0058CE3F /* CommentCollectionViewCell.swift in Sources */,
				2BFA9C562C0F341E00E72C99 /* LoginComponent.swift in Sources */,
				2B6F28A92BED330100BDA911 /* ContentListComponent.swift in Sources */,
				2BFA9C522C0F340B00E72C99 /* LoginViewModel.swift in Sources */,
				2BFA9C542C0F341600E72C99 /* LoginCoordinator.swift in Sources */,
				2BB5157F2BDE15A50092CC72 /* CommunityComponent.swift in Sources */,
				2BB5155E2BD91CE90092CC72 /* UIStackView+.swift in Sources */,
				2B6F28AD2BED347200BDA911 /* ContentListCoordinator.swift in Sources */,
				2B9C4FD22BF0B57E0058CE3F /* DetailPostViewController.swift in Sources */,
				2BB515722BDBCE5A0092CC72 /* UIColor+.swift in Sources */,
				2B4814B02C319BAB00A7529E /* NewsAPIService.swift in Sources */,
				2B5C6C9E2BF84E1E004800CC /* TutorProfileCollectionViewCell.swift in Sources */,
				2BB5159D2BDFE4F70092CC72 /* MyPageViewController.swift in Sources */,
				2B6F28A72BED326300BDA911 /* ContentListViewController.swift in Sources */,
				2BB084AC2C1E9948005E7221 /* AlarmCoordinator.swift in Sources */,
				2B3852022BF63B8600BCF540 /* UIButton+.swift in Sources */,
				2B6B20D32BFCBB9E002D9E79 /* DetailNewsViewController.swift in Sources */,
				2BB515612BDAA7190092CC72 /* HomeComponent.swift in Sources */,
				2B146A042BD3DA6D00E6483E /* AppCoordinator.swift in Sources */,
				2BB515952BDFD5770092CC72 /* MessageListCoordinator.swift in Sources */,
				2B0BCF162C1320A60053ACAD /* SettingComponent.swift in Sources */,
				2B6B20D52BFCBBA7002D9E79 /* DetailNewsViewModel.swift in Sources */,
				2BB5159B2BDFE4ED0092CC72 /* MyPageComponent.swift in Sources */,
				2B54ADD92C1B35DA002BD5C5 /* DetailInstrumentCoordinator.swift in Sources */,
				2B9C4FDD2BF0CA740058CE3F /* ContentCollectionViewCell.swift in Sources */,
				2BB5157A2BDDF1E60092CC72 /* HeaderView.swift in Sources */,
				2B1469BF2BD38F8000E6483E /* SceneDelegate.swift in Sources */,
				2B5F00732C59207800FCC51A /* CreatePostCoordinator.swift in Sources */,
				2B3EBFA32C54BE950089D48C /* FloatingButton.swift in Sources */,
				2B54ADD32C1B35B3002BD5C5 /* DetailInstrumentViewController.swift in Sources */,
				2BB515782BDBF13D0092CC72 /* QuickBtnCollectionViewCell.swift in Sources */,
				2B0024692C0A094D00C4C276 /* MessageViewModel.swift in Sources */,
				2BB515832BDE15BD0092CC72 /* CommunityViewModel.swift in Sources */,
				2B9705C72C21DBDC00B94E8B /* PostAPIService.swift in Sources */,
				2BFA9C4B2C0DD42400E72C99 /* NewsInfoCollectionViewCell.swift in Sources */,
				2B3852072BF77D3700BCF540 /* DetailTutorViewModel.swift in Sources */,
				2B146A092BD3DF0000E6483E /* BaseCoordinator.swift in Sources */,
				2BB515672BDAA85E0092CC72 /* HomeCoordinator.swift in Sources */,
				2BB515912BDFD5640092CC72 /* MessageListViewController.swift in Sources */,
				2BFA9C502C0F340300E72C99 /* LoginViewController.swift in Sources */,
				2BB515812BDE15B20092CC72 /* CommunityViewController.swift in Sources */,
				2B9C4FE02BF0CB5C0058CE3F /* ProfileView.swift in Sources */,
				2B3C998C2C5B23B700CA865D /* TopButtonsView.swift in Sources */,
				2BEDD4B92BE23DA300C12E17 /* MenuItemCollectionViewCell.swift in Sources */,
				2B54ADDD2C1B35F6002BD5C5 /* DetailInstrumentViewModel.swift in Sources */,
				2BB515A42BDFEEC00092CC72 /* ProfileCollectionViewCell.swift in Sources */,
				2BB515652BDAA75A0092CC72 /* HomeViewModel.swift in Sources */,
				2B0024672C0A094500C4C276 /* MessageViewController.swift in Sources */,
				2BB5158F2BDFD53D0092CC72 /* MessageListComponent.swift in Sources */,
				2B0BCF142C13209C0053ACAD /* SettingViewModel.swift in Sources */,
				2B1469F82BD3979700E6483E /* MainTabViewModel.swift in Sources */,
				2B6F28AB2BED33A800BDA911 /* ContentListViewModel.swift in Sources */,
				2BB5156F2BDACA2E0092CC72 /* BannerCollectionViewCell.swift in Sources */,
				2B3851FE2BF238AE00BCF540 /* CommentInputView.swift in Sources */,
			);
			runOnlyForDeploymentPostprocessing = 0;
		};
		2B1469CB2BD38F8000E6483E /* Sources */ = {
			isa = PBXSourcesBuildPhase;
			buildActionMask = 2147483647;
			files = (
				2B1469D42BD38F8000E6483E /* ArtBridgeTests.swift in Sources */,
			);
			runOnlyForDeploymentPostprocessing = 0;
		};
		2B1469D52BD38F8000E6483E /* Sources */ = {
			isa = PBXSourcesBuildPhase;
			buildActionMask = 2147483647;
			files = (
				2B1469DE2BD38F8000E6483E /* ArtBridgeUITests.swift in Sources */,
				2B1469E02BD38F8000E6483E /* ArtBridgeUITestsLaunchTests.swift in Sources */,
			);
			runOnlyForDeploymentPostprocessing = 0;
		};
/* End PBXSourcesBuildPhase section */

/* Begin PBXTargetDependency section */
		2B1469D12BD38F8000E6483E /* PBXTargetDependency */ = {
			isa = PBXTargetDependency;
			target = 2B1469B82BD38F8000E6483E /* ArtBridge */;
			targetProxy = 2B1469D02BD38F8000E6483E /* PBXContainerItemProxy */;
		};
		2B1469DB2BD38F8000E6483E /* PBXTargetDependency */ = {
			isa = PBXTargetDependency;
			target = 2B1469B82BD38F8000E6483E /* ArtBridge */;
			targetProxy = 2B1469DA2BD38F8000E6483E /* PBXContainerItemProxy */;
		};
/* End PBXTargetDependency section */

/* Begin PBXVariantGroup section */
		2B1469C72BD38F8000E6483E /* LaunchScreen.storyboard */ = {
			isa = PBXVariantGroup;
			children = (
				2B1469C82BD38F8000E6483E /* Base */,
			);
			name = LaunchScreen.storyboard;
			sourceTree = "<group>";
		};
/* End PBXVariantGroup section */

/* Begin XCBuildConfiguration section */
		2B1469E12BD38F8000E6483E /* Debug */ = {
			isa = XCBuildConfiguration;
			buildSettings = {
				ALWAYS_SEARCH_USER_PATHS = NO;
				ASSETCATALOG_COMPILER_GENERATE_SWIFT_ASSET_SYMBOL_EXTENSIONS = YES;
				CLANG_ANALYZER_NONNULL = YES;
				CLANG_ANALYZER_NUMBER_OBJECT_CONVERSION = YES_AGGRESSIVE;
				CLANG_CXX_LANGUAGE_STANDARD = "gnu++20";
				CLANG_ENABLE_MODULES = YES;
				CLANG_ENABLE_OBJC_ARC = YES;
				CLANG_ENABLE_OBJC_WEAK = YES;
				CLANG_WARN_BLOCK_CAPTURE_AUTORELEASING = YES;
				CLANG_WARN_BOOL_CONVERSION = YES;
				CLANG_WARN_COMMA = YES;
				CLANG_WARN_CONSTANT_CONVERSION = YES;
				CLANG_WARN_DEPRECATED_OBJC_IMPLEMENTATIONS = YES;
				CLANG_WARN_DIRECT_OBJC_ISA_USAGE = YES_ERROR;
				CLANG_WARN_DOCUMENTATION_COMMENTS = YES;
				CLANG_WARN_EMPTY_BODY = YES;
				CLANG_WARN_ENUM_CONVERSION = YES;
				CLANG_WARN_INFINITE_RECURSION = YES;
				CLANG_WARN_INT_CONVERSION = YES;
				CLANG_WARN_NON_LITERAL_NULL_CONVERSION = YES;
				CLANG_WARN_OBJC_IMPLICIT_RETAIN_SELF = YES;
				CLANG_WARN_OBJC_LITERAL_CONVERSION = YES;
				CLANG_WARN_OBJC_ROOT_CLASS = YES_ERROR;
				CLANG_WARN_QUOTED_INCLUDE_IN_FRAMEWORK_HEADER = YES;
				CLANG_WARN_RANGE_LOOP_ANALYSIS = YES;
				CLANG_WARN_STRICT_PROTOTYPES = YES;
				CLANG_WARN_SUSPICIOUS_MOVE = YES;
				CLANG_WARN_UNGUARDED_AVAILABILITY = YES_AGGRESSIVE;
				CLANG_WARN_UNREACHABLE_CODE = YES;
				CLANG_WARN__DUPLICATE_METHOD_MATCH = YES;
				COPY_PHASE_STRIP = NO;
				DEBUG_INFORMATION_FORMAT = dwarf;
				ENABLE_STRICT_OBJC_MSGSEND = YES;
				ENABLE_TESTABILITY = YES;
				ENABLE_USER_SCRIPT_SANDBOXING = YES;
				GCC_C_LANGUAGE_STANDARD = gnu17;
				GCC_DYNAMIC_NO_PIC = NO;
				GCC_NO_COMMON_BLOCKS = YES;
				GCC_OPTIMIZATION_LEVEL = 0;
				GCC_PREPROCESSOR_DEFINITIONS = (
					"DEBUG=1",
					"$(inherited)",
				);
				GCC_WARN_64_TO_32_BIT_CONVERSION = YES;
				GCC_WARN_ABOUT_RETURN_TYPE = YES_ERROR;
				GCC_WARN_UNDECLARED_SELECTOR = YES;
				GCC_WARN_UNINITIALIZED_AUTOS = YES_AGGRESSIVE;
				GCC_WARN_UNUSED_FUNCTION = YES;
				GCC_WARN_UNUSED_VARIABLE = YES;
				IPHONEOS_DEPLOYMENT_TARGET = 17.4;
				LOCALIZATION_PREFERS_STRING_CATALOGS = YES;
				MTL_ENABLE_DEBUG_INFO = INCLUDE_SOURCE;
				MTL_FAST_MATH = YES;
				ONLY_ACTIVE_ARCH = YES;
				SDKROOT = iphoneos;
				SWIFT_ACTIVE_COMPILATION_CONDITIONS = "DEBUG $(inherited)";
				SWIFT_OPTIMIZATION_LEVEL = "-Onone";
			};
			name = Debug;
		};
		2B1469E22BD38F8000E6483E /* Release */ = {
			isa = XCBuildConfiguration;
			buildSettings = {
				ALWAYS_SEARCH_USER_PATHS = NO;
				ASSETCATALOG_COMPILER_GENERATE_SWIFT_ASSET_SYMBOL_EXTENSIONS = YES;
				CLANG_ANALYZER_NONNULL = YES;
				CLANG_ANALYZER_NUMBER_OBJECT_CONVERSION = YES_AGGRESSIVE;
				CLANG_CXX_LANGUAGE_STANDARD = "gnu++20";
				CLANG_ENABLE_MODULES = YES;
				CLANG_ENABLE_OBJC_ARC = YES;
				CLANG_ENABLE_OBJC_WEAK = YES;
				CLANG_WARN_BLOCK_CAPTURE_AUTORELEASING = YES;
				CLANG_WARN_BOOL_CONVERSION = YES;
				CLANG_WARN_COMMA = YES;
				CLANG_WARN_CONSTANT_CONVERSION = YES;
				CLANG_WARN_DEPRECATED_OBJC_IMPLEMENTATIONS = YES;
				CLANG_WARN_DIRECT_OBJC_ISA_USAGE = YES_ERROR;
				CLANG_WARN_DOCUMENTATION_COMMENTS = YES;
				CLANG_WARN_EMPTY_BODY = YES;
				CLANG_WARN_ENUM_CONVERSION = YES;
				CLANG_WARN_INFINITE_RECURSION = YES;
				CLANG_WARN_INT_CONVERSION = YES;
				CLANG_WARN_NON_LITERAL_NULL_CONVERSION = YES;
				CLANG_WARN_OBJC_IMPLICIT_RETAIN_SELF = YES;
				CLANG_WARN_OBJC_LITERAL_CONVERSION = YES;
				CLANG_WARN_OBJC_ROOT_CLASS = YES_ERROR;
				CLANG_WARN_QUOTED_INCLUDE_IN_FRAMEWORK_HEADER = YES;
				CLANG_WARN_RANGE_LOOP_ANALYSIS = YES;
				CLANG_WARN_STRICT_PROTOTYPES = YES;
				CLANG_WARN_SUSPICIOUS_MOVE = YES;
				CLANG_WARN_UNGUARDED_AVAILABILITY = YES_AGGRESSIVE;
				CLANG_WARN_UNREACHABLE_CODE = YES;
				CLANG_WARN__DUPLICATE_METHOD_MATCH = YES;
				COPY_PHASE_STRIP = NO;
				DEBUG_INFORMATION_FORMAT = "dwarf-with-dsym";
				ENABLE_NS_ASSERTIONS = NO;
				ENABLE_STRICT_OBJC_MSGSEND = YES;
				ENABLE_USER_SCRIPT_SANDBOXING = YES;
				GCC_C_LANGUAGE_STANDARD = gnu17;
				GCC_NO_COMMON_BLOCKS = YES;
				GCC_WARN_64_TO_32_BIT_CONVERSION = YES;
				GCC_WARN_ABOUT_RETURN_TYPE = YES_ERROR;
				GCC_WARN_UNDECLARED_SELECTOR = YES;
				GCC_WARN_UNINITIALIZED_AUTOS = YES_AGGRESSIVE;
				GCC_WARN_UNUSED_FUNCTION = YES;
				GCC_WARN_UNUSED_VARIABLE = YES;
				IPHONEOS_DEPLOYMENT_TARGET = 17.4;
				LOCALIZATION_PREFERS_STRING_CATALOGS = YES;
				MTL_ENABLE_DEBUG_INFO = NO;
				MTL_FAST_MATH = YES;
				SDKROOT = iphoneos;
				SWIFT_COMPILATION_MODE = wholemodule;
				VALIDATE_PRODUCT = YES;
			};
			name = Release;
		};
		2B1469E42BD38F8000E6483E /* Debug */ = {
			isa = XCBuildConfiguration;
			buildSettings = {
				ASSETCATALOG_COMPILER_APPICON_NAME = AppIcon;
				ASSETCATALOG_COMPILER_GLOBAL_ACCENT_COLOR_NAME = AccentColor;
				CODE_SIGN_STYLE = Automatic;
				CURRENT_PROJECT_VERSION = 1;
				DEVELOPMENT_TEAM = K988K33886;
				GENERATE_INFOPLIST_FILE = YES;
				INFOPLIST_FILE = ArtBridge/Info.plist;
				INFOPLIST_KEY_UIApplicationSupportsIndirectInputEvents = YES;
				INFOPLIST_KEY_UILaunchStoryboardName = LaunchScreen;
				INFOPLIST_KEY_UIMainStoryboardFile = "";
				INFOPLIST_KEY_UISupportedInterfaceOrientations_iPad = "UIInterfaceOrientationPortrait UIInterfaceOrientationPortraitUpsideDown UIInterfaceOrientationLandscapeLeft UIInterfaceOrientationLandscapeRight";
				INFOPLIST_KEY_UISupportedInterfaceOrientations_iPhone = "UIInterfaceOrientationPortrait UIInterfaceOrientationLandscapeLeft UIInterfaceOrientationLandscapeRight";
				IPHONEOS_DEPLOYMENT_TARGET = 16.0;
				LD_RUNPATH_SEARCH_PATHS = (
					"$(inherited)",
					"@executable_path/Frameworks",
				);
				MARKETING_VERSION = 1.0;
				PRODUCT_BUNDLE_IDENTIFIER = com.gogochang.ArtBridge;
				PRODUCT_NAME = "$(TARGET_NAME)";
				SWIFT_EMIT_LOC_STRINGS = YES;
				SWIFT_VERSION = 5.0;
				TARGETED_DEVICE_FAMILY = "1,2";
			};
			name = Debug;
		};
		2B1469E52BD38F8000E6483E /* Release */ = {
			isa = XCBuildConfiguration;
			buildSettings = {
				ASSETCATALOG_COMPILER_APPICON_NAME = AppIcon;
				ASSETCATALOG_COMPILER_GLOBAL_ACCENT_COLOR_NAME = AccentColor;
				CODE_SIGN_STYLE = Automatic;
				CURRENT_PROJECT_VERSION = 1;
				DEVELOPMENT_TEAM = K988K33886;
				GENERATE_INFOPLIST_FILE = YES;
				INFOPLIST_FILE = ArtBridge/Info.plist;
				INFOPLIST_KEY_UIApplicationSupportsIndirectInputEvents = YES;
				INFOPLIST_KEY_UILaunchStoryboardName = LaunchScreen;
				INFOPLIST_KEY_UIMainStoryboardFile = "";
				INFOPLIST_KEY_UISupportedInterfaceOrientations_iPad = "UIInterfaceOrientationPortrait UIInterfaceOrientationPortraitUpsideDown UIInterfaceOrientationLandscapeLeft UIInterfaceOrientationLandscapeRight";
				INFOPLIST_KEY_UISupportedInterfaceOrientations_iPhone = "UIInterfaceOrientationPortrait UIInterfaceOrientationLandscapeLeft UIInterfaceOrientationLandscapeRight";
				IPHONEOS_DEPLOYMENT_TARGET = 16.0;
				LD_RUNPATH_SEARCH_PATHS = (
					"$(inherited)",
					"@executable_path/Frameworks",
				);
				MARKETING_VERSION = 1.0;
				PRODUCT_BUNDLE_IDENTIFIER = com.gogochang.ArtBridge;
				PRODUCT_NAME = "$(TARGET_NAME)";
				SWIFT_EMIT_LOC_STRINGS = YES;
				SWIFT_VERSION = 5.0;
				TARGETED_DEVICE_FAMILY = "1,2";
			};
			name = Release;
		};
		2B1469E72BD38F8000E6483E /* Debug */ = {
			isa = XCBuildConfiguration;
			buildSettings = {
				ALWAYS_EMBED_SWIFT_STANDARD_LIBRARIES = YES;
				BUNDLE_LOADER = "$(TEST_HOST)";
				CODE_SIGN_STYLE = Automatic;
				CURRENT_PROJECT_VERSION = 1;
				DEVELOPMENT_TEAM = K988K33886;
				GENERATE_INFOPLIST_FILE = YES;
				IPHONEOS_DEPLOYMENT_TARGET = 17.4;
				MARKETING_VERSION = 1.0;
				PRODUCT_BUNDLE_IDENTIFIER = com.gogochang.ArtBridgeTests;
				PRODUCT_NAME = "$(TARGET_NAME)";
				SWIFT_EMIT_LOC_STRINGS = NO;
				SWIFT_VERSION = 5.0;
				TARGETED_DEVICE_FAMILY = "1,2";
				TEST_HOST = "$(BUILT_PRODUCTS_DIR)/ArtBridge.app/$(BUNDLE_EXECUTABLE_FOLDER_PATH)/ArtBridge";
			};
			name = Debug;
		};
		2B1469E82BD38F8000E6483E /* Release */ = {
			isa = XCBuildConfiguration;
			buildSettings = {
				ALWAYS_EMBED_SWIFT_STANDARD_LIBRARIES = YES;
				BUNDLE_LOADER = "$(TEST_HOST)";
				CODE_SIGN_STYLE = Automatic;
				CURRENT_PROJECT_VERSION = 1;
				DEVELOPMENT_TEAM = K988K33886;
				GENERATE_INFOPLIST_FILE = YES;
				IPHONEOS_DEPLOYMENT_TARGET = 17.4;
				MARKETING_VERSION = 1.0;
				PRODUCT_BUNDLE_IDENTIFIER = com.gogochang.ArtBridgeTests;
				PRODUCT_NAME = "$(TARGET_NAME)";
				SWIFT_EMIT_LOC_STRINGS = NO;
				SWIFT_VERSION = 5.0;
				TARGETED_DEVICE_FAMILY = "1,2";
				TEST_HOST = "$(BUILT_PRODUCTS_DIR)/ArtBridge.app/$(BUNDLE_EXECUTABLE_FOLDER_PATH)/ArtBridge";
			};
			name = Release;
		};
		2B1469EA2BD38F8000E6483E /* Debug */ = {
			isa = XCBuildConfiguration;
			buildSettings = {
				ALWAYS_EMBED_SWIFT_STANDARD_LIBRARIES = YES;
				CODE_SIGN_STYLE = Automatic;
				CURRENT_PROJECT_VERSION = 1;
				DEVELOPMENT_TEAM = K988K33886;
				GENERATE_INFOPLIST_FILE = YES;
				MARKETING_VERSION = 1.0;
				PRODUCT_BUNDLE_IDENTIFIER = com.gogochang.ArtBridgeUITests;
				PRODUCT_NAME = "$(TARGET_NAME)";
				SWIFT_EMIT_LOC_STRINGS = NO;
				SWIFT_VERSION = 5.0;
				TARGETED_DEVICE_FAMILY = "1,2";
				TEST_TARGET_NAME = ArtBridge;
			};
			name = Debug;
		};
		2B1469EB2BD38F8000E6483E /* Release */ = {
			isa = XCBuildConfiguration;
			buildSettings = {
				ALWAYS_EMBED_SWIFT_STANDARD_LIBRARIES = YES;
				CODE_SIGN_STYLE = Automatic;
				CURRENT_PROJECT_VERSION = 1;
				DEVELOPMENT_TEAM = K988K33886;
				GENERATE_INFOPLIST_FILE = YES;
				MARKETING_VERSION = 1.0;
				PRODUCT_BUNDLE_IDENTIFIER = com.gogochang.ArtBridgeUITests;
				PRODUCT_NAME = "$(TARGET_NAME)";
				SWIFT_EMIT_LOC_STRINGS = NO;
				SWIFT_VERSION = 5.0;
				TARGETED_DEVICE_FAMILY = "1,2";
				TEST_TARGET_NAME = ArtBridge;
			};
			name = Release;
		};
/* End XCBuildConfiguration section */

/* Begin XCConfigurationList section */
		2B1469B42BD38F7F00E6483E /* Build configuration list for PBXProject "ArtBridge" */ = {
			isa = XCConfigurationList;
			buildConfigurations = (
				2B1469E12BD38F8000E6483E /* Debug */,
				2B1469E22BD38F8000E6483E /* Release */,
			);
			defaultConfigurationIsVisible = 0;
			defaultConfigurationName = Release;
		};
		2B1469E32BD38F8000E6483E /* Build configuration list for PBXNativeTarget "ArtBridge" */ = {
			isa = XCConfigurationList;
			buildConfigurations = (
				2B1469E42BD38F8000E6483E /* Debug */,
				2B1469E52BD38F8000E6483E /* Release */,
			);
			defaultConfigurationIsVisible = 0;
			defaultConfigurationName = Release;
		};
		2B1469E62BD38F8000E6483E /* Build configuration list for PBXNativeTarget "ArtBridgeTests" */ = {
			isa = XCConfigurationList;
			buildConfigurations = (
				2B1469E72BD38F8000E6483E /* Debug */,
				2B1469E82BD38F8000E6483E /* Release */,
			);
			defaultConfigurationIsVisible = 0;
			defaultConfigurationName = Release;
		};
		2B1469E92BD38F8000E6483E /* Build configuration list for PBXNativeTarget "ArtBridgeUITests" */ = {
			isa = XCConfigurationList;
			buildConfigurations = (
				2B1469EA2BD38F8000E6483E /* Debug */,
				2B1469EB2BD38F8000E6483E /* Release */,
			);
			defaultConfigurationIsVisible = 0;
			defaultConfigurationName = Release;
		};
/* End XCConfigurationList section */

/* Begin XCRemoteSwiftPackageReference section */
		2B0BCF0D2C11FF270053ACAD /* XCRemoteSwiftPackageReference "RxGesture" */ = {
			isa = XCRemoteSwiftPackageReference;
			repositoryURL = "https://github.com/RxSwiftCommunity/RxGesture.git";
			requirement = {
				kind = upToNextMajorVersion;
				minimumVersion = 4.0.4;
			};
		};
		2B1469F92BD3991F00E6483E /* XCRemoteSwiftPackageReference "Then" */ = {
			isa = XCRemoteSwiftPackageReference;
			repositoryURL = "https://github.com/devxoul/Then.git";
			requirement = {
				kind = upToNextMajorVersion;
				minimumVersion = 3.0.0;
			};
		};
		2B146A002BD39A9A00E6483E /* XCRemoteSwiftPackageReference "SnapKit" */ = {
			isa = XCRemoteSwiftPackageReference;
			repositoryURL = "https://github.com/SnapKit/SnapKit.git";
			requirement = {
				kind = upToNextMajorVersion;
				minimumVersion = 5.7.1;
			};
		};
		2B146A0A2BD3E07600E6483E /* XCRemoteSwiftPackageReference "RxSwift" */ = {
			isa = XCRemoteSwiftPackageReference;
			repositoryURL = "https://github.com/ReactiveX/RxSwift.git";
			requirement = {
				kind = upToNextMajorVersion;
				minimumVersion = 6.6.0;
			};
		};
		2BC1326C2BE3D3D200F13EC4 /* XCRemoteSwiftPackageReference "Kingfisher" */ = {
			isa = XCRemoteSwiftPackageReference;
			repositoryURL = "https://github.com/onevcat/Kingfisher.git";
			requirement = {
				kind = upToNextMajorVersion;
				minimumVersion = 7.11.0;
			};
		};
		2BEDD4BC2BE2AB1300C12E17 /* XCRemoteSwiftPackageReference "firebase-ios-sdk" */ = {
			isa = XCRemoteSwiftPackageReference;
			repositoryURL = "https://github.com/firebase/firebase-ios-sdk";
			requirement = {
				kind = upToNextMajorVersion;
				minimumVersion = 10.25.0;
			};
		};
/* End XCRemoteSwiftPackageReference section */

/* Begin XCSwiftPackageProductDependency section */
		2B0BCF0E2C11FF270053ACAD /* RxGesture */ = {
			isa = XCSwiftPackageProductDependency;
			package = 2B0BCF0D2C11FF270053ACAD /* XCRemoteSwiftPackageReference "RxGesture" */;
			productName = RxGesture;
		};
		2B146A012BD39A9A00E6483E /* SnapKit */ = {
			isa = XCSwiftPackageProductDependency;
			package = 2B146A002BD39A9A00E6483E /* XCRemoteSwiftPackageReference "SnapKit" */;
			productName = SnapKit;
		};
		2B146A0B2BD3E07600E6483E /* RxSwift */ = {
			isa = XCSwiftPackageProductDependency;
			package = 2B146A0A2BD3E07600E6483E /* XCRemoteSwiftPackageReference "RxSwift" */;
			productName = RxSwift;
		};
		2B9705C82C21DE4400B94E8B /* FirebaseFirestore */ = {
			isa = XCSwiftPackageProductDependency;
			package = 2BEDD4BC2BE2AB1300C12E17 /* XCRemoteSwiftPackageReference "firebase-ios-sdk" */;
			productName = FirebaseFirestore;
		};
		2B9C4FCD2BED3B690058CE3F /* Then */ = {
			isa = XCSwiftPackageProductDependency;
			package = 2B1469F92BD3991F00E6483E /* XCRemoteSwiftPackageReference "Then" */;
			productName = Then;
		};
		2BB515692BDAB0AB0092CC72 /* RxCocoa */ = {
			isa = XCSwiftPackageProductDependency;
			package = 2B146A0A2BD3E07600E6483E /* XCRemoteSwiftPackageReference "RxSwift" */;
			productName = RxCocoa;
		};
		2BB5156B2BDAB0B00092CC72 /* RxRelay */ = {
			isa = XCSwiftPackageProductDependency;
			package = 2B146A0A2BD3E07600E6483E /* XCRemoteSwiftPackageReference "RxSwift" */;
			productName = RxRelay;
		};
		2BC1326D2BE3D3D200F13EC4 /* Kingfisher */ = {
			isa = XCSwiftPackageProductDependency;
			package = 2BC1326C2BE3D3D200F13EC4 /* XCRemoteSwiftPackageReference "Kingfisher" */;
			productName = Kingfisher;
		};
		2BC1326F2BE3D63900F13EC4 /* FirebaseAnalyticsWithoutAdIdSupport */ = {
			isa = XCSwiftPackageProductDependency;
			package = 2BEDD4BC2BE2AB1300C12E17 /* XCRemoteSwiftPackageReference "firebase-ios-sdk" */;
			productName = FirebaseAnalyticsWithoutAdIdSupport;
		};
/* End XCSwiftPackageProductDependency section */
	};
	rootObject = 2B1469B12BD38F7F00E6483E /* Project object */;
}
